// !$*UTF8*$!
{
	archiveVersion = 1;
	classes = {
	};
	objectVersion = 48;
	objects = {

/* Begin PBXBuildFile section */
		04183A041FAEFFB400483E9B /* home300.png in Resources */ = {isa = PBXBuildFile; fileRef = 04183A011FAEFFB400483E9B /* home300.png */; };
		04183A051FAEFFB400483E9B /* home50x50@2x.png in Resources */ = {isa = PBXBuildFile; fileRef = 04183A021FAEFFB400483E9B /* home50x50@2x.png */; };
		04183A061FAEFFB400483E9B /* home50x50@3x.png in Resources */ = {isa = PBXBuildFile; fileRef = 04183A031FAEFFB400483E9B /* home50x50@3x.png */; };
		04C9EEFE1FAEE224007D012B /* AppDelegate.swift in Sources */ = {isa = PBXBuildFile; fileRef = 04C9EEFD1FAEE224007D012B /* AppDelegate.swift */; };
		04C9EF001FAEE224007D012B /* ViewController.swift in Sources */ = {isa = PBXBuildFile; fileRef = 04C9EEFF1FAEE224007D012B /* ViewController.swift */; };
		04C9EF031FAEE224007D012B /* Main.storyboard in Resources */ = {isa = PBXBuildFile; fileRef = 04C9EF011FAEE224007D012B /* Main.storyboard */; };
		04C9EF051FAEE224007D012B /* Assets.xcassets in Resources */ = {isa = PBXBuildFile; fileRef = 04C9EF041FAEE224007D012B /* Assets.xcassets */; };
		04C9EF081FAEE224007D012B /* LaunchScreen.storyboard in Resources */ = {isa = PBXBuildFile; fileRef = 04C9EF061FAEE224007D012B /* LaunchScreen.storyboard */; };
		04C9EF101FAEF0CF007D012B /* weatherMark1.png in Resources */ = {isa = PBXBuildFile; fileRef = 04C9EF0F1FAEF0CF007D012B /* weatherMark1.png */; };
/* End PBXBuildFile section */

/* Begin PBXFileReference section */
		04183A011FAEFFB400483E9B /* home300.png */ = {isa = PBXFileReference; lastKnownFileType = image.png; path = home300.png; sourceTree = "<group>"; };
		04183A021FAEFFB400483E9B /* home50x50@2x.png */ = {isa = PBXFileReference; lastKnownFileType = image.png; path = "home50x50@2x.png"; sourceTree = "<group>"; };
		04183A031FAEFFB400483E9B /* home50x50@3x.png */ = {isa = PBXFileReference; lastKnownFileType = image.png; path = "home50x50@3x.png"; sourceTree = "<group>"; };
		04C9EEFA1FAEE224007D012B /* first-AutoLayOut.app */ = {isa = PBXFileReference; explicitFileType = wrapper.application; includeInIndex = 0; path = "first-AutoLayOut.app"; sourceTree = BUILT_PRODUCTS_DIR; };
		04C9EEFD1FAEE224007D012B /* AppDelegate.swift */ = {isa = PBXFileReference; lastKnownFileType = sourcecode.swift; path = AppDelegate.swift; sourceTree = "<group>"; };
		04C9EEFF1FAEE224007D012B /* ViewController.swift */ = {isa = PBXFileReference; lastKnownFileType = sourcecode.swift; path = ViewController.swift; sourceTree = "<group>"; };
		04C9EF021FAEE224007D012B /* Base */ = {isa = PBXFileReference; lastKnownFileType = file.storyboard; name = Base; path = Base.lproj/Main.storyboard; sourceTree = "<group>"; };
		04C9EF041FAEE224007D012B /* Assets.xcassets */ = {isa = PBXFileReference; lastKnownFileType = folder.assetcatalog; path = Assets.xcassets; sourceTree = "<group>"; };
		04C9EF071FAEE224007D012B /* Base */ = {isa = PBXFileReference; lastKnownFileType = file.storyboard; name = Base; path = Base.lproj/LaunchScreen.storyboard; sourceTree = "<group>"; };
		04C9EF091FAEE224007D012B /* Info.plist */ = {isa = PBXFileReference; lastKnownFileType = text.plist.xml; path = Info.plist; sourceTree = "<group>"; };
		04C9EF0F1FAEF0CF007D012B /* weatherMark1.png */ = {isa = PBXFileReference; lastKnownFileType = image.png; path = weatherMark1.png; sourceTree = "<group>"; };
/* End PBXFileReference section */

/* Begin PBXFrameworksBuildPhase section */
		04C9EEF71FAEE224007D012B /* Frameworks */ = {
			isa = PBXFrameworksBuildPhase;
			buildActionMask = 2147483647;
			files = (
			);
			runOnlyForDeploymentPostprocessing = 0;
		};
/* End PBXFrameworksBuildPhase section */

/* Begin PBXGroup section */
		04C9EEF11FAEE224007D012B = {
			isa = PBXGroup;
			children = (
				04C9EEFC1FAEE224007D012B /* first-AutoLayOut */,
				04C9EEFB1FAEE224007D012B /* Products */,
			);
			sourceTree = "<group>";
		};
		04C9EEFB1FAEE224007D012B /* Products */ = {
			isa = PBXGroup;
			children = (
				04C9EEFA1FAEE224007D012B /* first-AutoLayOut.app */,
			);
			name = Products;
			sourceTree = "<group>";
		};
		04C9EEFC1FAEE224007D012B /* first-AutoLayOut */ = {
			isa = PBXGroup;
			children = (
				04C9EEFD1FAEE224007D012B /* AppDelegate.swift */,
				04C9EEFF1FAEE224007D012B /* ViewController.swift */,
				04C9EF011FAEE224007D012B /* Main.storyboard */,
				04C9EF0F1FAEF0CF007D012B /* weatherMark1.png */,
				04183A021FAEFFB400483E9B /* home50x50@2x.png */,
				04183A031FAEFFB400483E9B /* home50x50@3x.png */,
				04183A011FAEFFB400483E9B /* home300.png */,
				04C9EF041FAEE224007D012B /* Assets.xcassets */,
				04C9EF061FAEE224007D012B /* LaunchScreen.storyboard */,
				04C9EF091FAEE224007D012B /* Info.plist */,
			);
			path = "first-AutoLayOut";
			sourceTree = "<group>";
		};
/* End PBXGroup section */

/* Begin PBXNativeTarget section */
		04C9EEF91FAEE224007D012B /* first-AutoLayOut */ = {
			isa = PBXNativeTarget;
			buildConfigurationList = 04C9EF0C1FAEE224007D012B /* Build configuration list for PBXNativeTarget "first-AutoLayOut" */;
			buildPhases = (
				04C9EEF61FAEE224007D012B /* Sources */,
				04C9EEF71FAEE224007D012B /* Frameworks */,
				04C9EEF81FAEE224007D012B /* Resources */,
			);
			buildRules = (
			);
			dependencies = (
			);
			name = "first-AutoLayOut";
			productName = "first-AutoLayOut";
			productReference = 04C9EEFA1FAEE224007D012B /* first-AutoLayOut.app */;
			productType = "com.apple.product-type.application";
		};
/* End PBXNativeTarget section */

/* Begin PBXProject section */
		04C9EEF21FAEE224007D012B /* Project object */ = {
			isa = PBXProject;
			attributes = {
				LastSwiftUpdateCheck = 0900;
				LastUpgradeCheck = 0900;
				ORGANIZATIONNAME = "MIN JUN JU";
				TargetAttributes = {
					04C9EEF91FAEE224007D012B = {
						CreatedOnToolsVersion = 9.0.1;
						ProvisioningStyle = Automatic;
					};
				};
			};
			buildConfigurationList = 04C9EEF51FAEE224007D012B /* Build configuration list for PBXProject "first-AutoLayOut" */;
			compatibilityVersion = "Xcode 8.0";
			developmentRegion = en;
			hasScannedForEncodings = 0;
			knownRegions = (
				en,
				Base,
			);
			mainGroup = 04C9EEF11FAEE224007D012B;
			productRefGroup = 04C9EEFB1FAEE224007D012B /* Products */;
			projectDirPath = "";
			projectRoot = "";
			targets = (
				04C9EEF91FAEE224007D012B /* first-AutoLayOut */,
			);
		};
/* End PBXProject section */

/* Begin PBXResourcesBuildPhase section */
		04C9EEF81FAEE224007D012B /* Resources */ = {
			isa = PBXResourcesBuildPhase;
			buildActionMask = 2147483647;
			files = (
				04C9EF081FAEE224007D012B /* LaunchScreen.storyboard in Resources */,
				04C9EF051FAEE224007D012B /* Assets.xcassets in Resources */,
				04183A051FAEFFB400483E9B /* home50x50@2x.png in Resources */,
				04C9EF031FAEE224007D012B /* Main.storyboard in Resources */,
				04183A061FAEFFB400483E9B /* home50x50@3x.png in Resources */,
				04C9EF101FAEF0CF007D012B /* weatherMark1.png in Resources */,
				04183A041FAEFFB400483E9B /* home300.png in Resources */,
			);
			runOnlyForDeploymentPostprocessing = 0;
		};
/* End PBXResourcesBuildPhase section */

/* Begin PBXSourcesBuildPhase section */
		04C9EEF61FAEE224007D012B /* Sources */ = {
			isa = PBXSourcesBuildPhase;
			buildActionMask = 2147483647;
			files = (
				04C9EF001FAEE224007D012B /* ViewController.swift in Sources */,
				04C9EEFE1FAEE224007D012B /* AppDelegate.swift in Sources */,
			);
			runOnlyForDeploymentPostprocessing = 0;
		};
/* End PBXSourcesBuildPhase section */

/* Begin PBXVariantGroup section */
		04C9EF011FAEE224007D012B /* Main.storyboard */ = {
			isa = PBXVariantGroup;
			children = (
				04C9EF021FAEE224007D012B /* Base */,
			);
			name = Main.storyboard;
			sourceTree = "<group>";
		};
		04C9EF061FAEE224007D012B /* LaunchScreen.storyboard */ = {
			isa = PBXVariantGroup;
			children = (
				04C9EF071FAEE224007D012B /* Base */,
			);
			name = LaunchScreen.storyboard;
			sourceTree = "<group>";
		};
/* End PBXVariantGroup section */

/* Begin XCBuildConfiguration section */
		04C9EF0A1FAEE224007D012B /* Debug */ = {
			isa = XCBuildConfiguration;
			buildSettings = {
				ALWAYS_SEARCH_USER_PATHS = NO;
				CLANG_ANALYZER_NONNULL = YES;
				CLANG_ANALYZER_NUMBER_OBJECT_CONVERSION = YES_AGGRESSIVE;
				CLANG_CXX_LANGUAGE_STANDARD = "gnu++14";
				CLANG_CXX_LIBRARY = "libc++";
				CLANG_ENABLE_MODULES = YES;
				CLANG_ENABLE_OBJC_ARC = YES;
				CLANG_WARN_BLOCK_CAPTURE_AUTORELEASING = YES;
				CLANG_WARN_BOOL_CONVERSION = YES;
				CLANG_WARN_COMMA = YES;
				CLANG_WARN_CONSTANT_CONVERSION = YES;
				CLANG_WARN_DIRECT_OBJC_ISA_USAGE = YES_ERROR;
				CLANG_WARN_DOCUMENTATION_COMMENTS = YES;
				CLANG_WARN_EMPTY_BODY = YES;
				CLANG_WARN_ENUM_CONVERSION = YES;
				CLANG_WARN_INFINITE_RECURSION = YES;
				CLANG_WARN_INT_CONVERSION = YES;
				CLANG_WARN_NON_LITERAL_NULL_CONVERSION = YES;
				CLANG_WARN_OBJC_LITERAL_CONVERSION = YES;
				CLANG_WARN_OBJC_ROOT_CLASS = YES_ERROR;
				CLANG_WARN_RANGE_LOOP_ANALYSIS = YES;
				CLANG_WARN_STRICT_PROTOTYPES = YES;
				CLANG_WARN_SUSPICIOUS_MOVE = YES;
				CLANG_WARN_UNGUARDED_AVAILABILITY = YES_AGGRESSIVE;
				CLANG_WARN_UNREACHABLE_CODE = YES;
				CLANG_WARN__DUPLICATE_METHOD_MATCH = YES;
				CODE_SIGN_IDENTITY = "iPhone Developer";
				COPY_PHASE_STRIP = NO;
				DEBUG_INFORMATION_FORMAT = dwarf;
				ENABLE_STRICT_OBJC_MSGSEND = YES;
				ENABLE_TESTABILITY = YES;
				GCC_C_LANGUAGE_STANDARD = gnu11;
				GCC_DYNAMIC_NO_PIC = NO;
				GCC_NO_COMMON_BLOCKS = YES;
				GCC_OPTIMIZATION_LEVEL = 0;
				GCC_PREPROCESSOR_DEFINITIONS = (
					"DEBUG=1",
					"$(inherited)",
				);
				GCC_WARN_64_TO_32_BIT_CONVERSION = YES;
				GCC_WARN_ABOUT_RETURN_TYPE = YES_ERROR;
				GCC_WARN_UNDECLARED_SELECTOR = YES;
				GCC_WARN_UNINITIALIZED_AUTOS = YES_AGGRESSIVE;
				GCC_WARN_UNUSED_FUNCTION = YES;
				GCC_WARN_UNUSED_VARIABLE = YES;
				IPHONEOS_DEPLOYMENT_TARGET = 11.0;
				MTL_ENABLE_DEBUG_INFO = YES;
				ONLY_ACTIVE_ARCH = YES;
				SDKROOT = iphoneos;
				SWIFT_ACTIVE_COMPILATION_CONDITIONS = DEBUG;
				SWIFT_OPTIMIZATION_LEVEL = "-Onone";
			};
			name = Debug;
		};
		04C9EF0B1FAEE224007D012B /* Release */ = {
			isa = XCBuildConfiguration;
			buildSettings = {
				ALWAYS_SEARCH_USER_PATHS = NO;
				CLANG_ANALYZER_NONNULL = YES;
				CLANG_ANALYZER_NUMBER_OBJECT_CONVERSION = YES_AGGRESSIVE;
				CLANG_CXX_LANGUAGE_STANDARD = "gnu++14";
				CLANG_CXX_LIBRARY = "libc++";
				CLANG_ENABLE_MODULES = YES;
				CLANG_ENABLE_OBJC_ARC = YES;
				CLANG_WARN_BLOCK_CAPTURE_AUTORELEASING = YES;
				CLANG_WARN_BOOL_CONVERSION = YES;
				CLANG_WARN_COMMA = YES;
				CLANG_WARN_CONSTANT_CONVERSION = YES;
				CLANG_WARN_DIRECT_OBJC_ISA_USAGE = YES_ERROR;
				CLANG_WARN_DOCUMENTATION_COMMENTS = YES;
				CLANG_WARN_EMPTY_BODY = YES;
				CLANG_WARN_ENUM_CONVERSION = YES;
				CLANG_WARN_INFINITE_RECURSION = YES;
				CLANG_WARN_INT_CONVERSION = YES;
				CLANG_WARN_NON_LITERAL_NULL_CONVERSION = YES;
				CLANG_WARN_OBJC_LITERAL_CONVERSION = YES;
				CLANG_WARN_OBJC_ROOT_CLASS = YES_ERROR;
				CLANG_WARN_RANGE_LOOP_ANALYSIS = YES;
				CLANG_WARN_STRICT_PROTOTYPES = YES;
				CLANG_WARN_SUSPICIOUS_MOVE = YES;
				CLANG_WARN_UNGUARDED_AVAILABILITY = YES_AGGRESSIVE;
				CLANG_WARN_UNREACHABLE_CODE = YES;
				CLANG_WARN__DUPLICATE_METHOD_MATCH = YES;
				CODE_SIGN_IDENTITY = "iPhone Developer";
				COPY_PHASE_STRIP = NO;
				DEBUG_INFORMATION_FORMAT = "dwarf-with-dsym";
				ENABLE_NS_ASSERTIONS = NO;
				ENABLE_STRICT_OBJC_MSGSEND = YES;
				GCC_C_LANGUAGE_STANDARD = gnu11;
				GCC_NO_COMMON_BLOCKS = YES;
				GCC_WARN_64_TO_32_BIT_CONVERSION = YES;
				GCC_WARN_ABOUT_RETURN_TYPE = YES_ERROR;
				GCC_WARN_UNDECLARED_SELECTOR = YES;
				GCC_WARN_UNINITIALIZED_AUTOS = YES_AGGRESSIVE;
				GCC_WARN_UNUSED_FUNCTION = YES;
				GCC_WARN_UNUSED_VARIABLE = YES;
				IPHONEOS_DEPLOYMENT_TARGET = 11.0;
				MTL_ENABLE_DEBUG_INFO = NO;
				SDKROOT = iphoneos;
				SWIFT_OPTIMIZATION_LEVEL = "-Owholemodule";
				VALIDATE_PRODUCT = YES;
			};
			name = Release;
		};
		04C9EF0D1FAEE224007D012B /* Debug */ = {
			isa = XCBuildConfiguration;
			buildSettings = {
				ASSETCATALOG_COMPILER_APPICON_NAME = AppIcon;
				CODE_SIGN_STYLE = Automatic;
				INFOPLIST_FILE = "first-AutoLayOut/Info.plist";
				LD_RUNPATH_SEARCH_PATHS = "$(inherited) @executable_path/Frameworks";
				PRODUCT_BUNDLE_IDENTIFIER = "Oraganization.first-AutoLayOut";
				PRODUCT_NAME = "$(TARGET_NAME)";
				SWIFT_VERSION = 4.0;
				TARGETED_DEVICE_FAMILY = "1,2";
			};
			name = Debug;
		};
		04C9EF0E1FAEE224007D012B /* Release */ = {
			isa = XCBuildConfiguration;
			buildSettings = {
				ASSETCATALOG_COMPILER_APPICON_NAME = AppIcon;
				CODE_SIGN_STYLE = Automatic;
				INFOPLIST_FILE = "first-AutoLayOut/Info.plist";
				LD_RUNPATH_SEARCH_PATHS = "$(inherited) @executable_path/Frameworks";
				PRODUCT_BUNDLE_IDENTIFIER = "Oraganization.first-AutoLayOut";
				PRODUCT_NAME = "$(TARGET_NAME)";
				SWIFT_VERSION = 4.0;
				TARGETED_DEVICE_FAMILY = "1,2";
			};
			name = Release;
		};
/* End XCBuildConfiguration section */

/* Begin XCConfigurationList section */
		04C9EEF51FAEE224007D012B /* Build configuration list for PBXProject "first-AutoLayOut" */ = {
			isa = XCConfigurationList;
			buildConfigurations = (
				04C9EF0A1FAEE224007D012B /* Debug */,
				04C9EF0B1FAEE224007D012B /* Release */,
			);
			defaultConfigurationIsVisible = 0;
			defaultConfigurationName = Release;
		};
		04C9EF0C1FAEE224007D012B /* Build configuration list for PBXNativeTarget "first-AutoLayOut" */ = {
			isa = XCConfigurationList;
			buildConfigurations = (
				04C9EF0D1FAEE224007D012B /* Debug */,
				04C9EF0E1FAEE224007D012B /* Release */,
			);
			defaultConfigurationIsVisible = 0;
			defaultConfigurationName = Release;
		};
/* End XCConfigurationList section */
	};
	rootObject = 04C9EEF21FAEE224007D012B /* Project object */;
}
