// !$*UTF8*$!
{
	archiveVersion = 1;
	classes = {
	};
	objectVersion = 46;
	objects = {

/* Begin PBXBuildFile section */
		046BE6411F6BEA43007D884A /* AppDelegate.swift in Sources */ = {isa = PBXBuildFile; fileRef = 046BE6401F6BEA43007D884A /* AppDelegate.swift */; };
		046BE6431F6BEA43007D884A /* ViewController.swift in Sources */ = {isa = PBXBuildFile; fileRef = 046BE6421F6BEA43007D884A /* ViewController.swift */; };
		046BE6461F6BEA43007D884A /* Main.storyboard in Resources */ = {isa = PBXBuildFile; fileRef = 046BE6441F6BEA43007D884A /* Main.storyboard */; };
		046BE6481F6BEA43007D884A /* Assets.xcassets in Resources */ = {isa = PBXBuildFile; fileRef = 046BE6471F6BEA43007D884A /* Assets.xcassets */; };
		046BE64B1F6BEA43007D884A /* LaunchScreen.storyboard in Resources */ = {isa = PBXBuildFile; fileRef = 046BE6491F6BEA43007D884A /* LaunchScreen.storyboard */; };
/* End PBXBuildFile section */

/* Begin PBXFileReference section */
		046BE63D1F6BEA43007D884A /* newCal.app */ = {isa = PBXFileReference; explicitFileType = wrapper.application; includeInIndex = 0; path = newCal.app; sourceTree = BUILT_PRODUCTS_DIR; };
		046BE6401F6BEA43007D884A /* AppDelegate.swift */ = {isa = PBXFileReference; lastKnownFileType = sourcecode.swift; path = AppDelegate.swift; sourceTree = "<group>"; };
		046BE6421F6BEA43007D884A /* ViewController.swift */ = {isa = PBXFileReference; lastKnownFileType = sourcecode.swift; path = ViewController.swift; sourceTree = "<group>"; };
		046BE6451F6BEA43007D884A /* Base */ = {isa = PBXFileReference; lastKnownFileType = file.storyboard; name = Base; path = Base.lproj/Main.storyboard; sourceTree = "<group>"; };
		046BE6471F6BEA43007D884A /* Assets.xcassets */ = {isa = PBXFileReference; lastKnownFileType = folder.assetcatalog; path = Assets.xcassets; sourceTree = "<group>"; };
		046BE64A1F6BEA43007D884A /* Base */ = {isa = PBXFileReference; lastKnownFileType = file.storyboard; name = Base; path = Base.lproj/LaunchScreen.storyboard; sourceTree = "<group>"; };
		046BE64C1F6BEA43007D884A /* Info.plist */ = {isa = PBXFileReference; lastKnownFileType = text.plist.xml; path = Info.plist; sourceTree = "<group>"; };
/* End PBXFileReference section */

/* Begin PBXFrameworksBuildPhase section */
		046BE63A1F6BEA43007D884A /* Frameworks */ = {
			isa = PBXFrameworksBuildPhase;
			buildActionMask = 2147483647;
			files = (
			);
			runOnlyForDeploymentPostprocessing = 0;
		};
/* End PBXFrameworksBuildPhase section */

/* Begin PBXGroup section */
		046BE6341F6BEA43007D884A = {
			isa = PBXGroup;
			children = (
				046BE63F1F6BEA43007D884A /* newCal */,
				046BE63E1F6BEA43007D884A /* Products */,
			);
			sourceTree = "<group>";
		};
		046BE63E1F6BEA43007D884A /* Products */ = {
			isa = PBXGroup;
			children = (
				046BE63D1F6BEA43007D884A /* newCal.app */,
			);
			name = Products;
			sourceTree = "<group>";
		};
		046BE63F1F6BEA43007D884A /* newCal */ = {
			isa = PBXGroup;
			children = (
				046BE6401F6BEA43007D884A /* AppDelegate.swift */,
				046BE6421F6BEA43007D884A /* ViewController.swift */,
				046BE6441F6BEA43007D884A /* Main.storyboard */,
				046BE6471F6BEA43007D884A /* Assets.xcassets */,
				046BE6491F6BEA43007D884A /* LaunchScreen.storyboard */,
				046BE64C1F6BEA43007D884A /* Info.plist */,
			);
			path = newCal;
			sourceTree = "<group>";
		};
/* End PBXGroup section */

/* Begin PBXNativeTarget section */
		046BE63C1F6BEA43007D884A /* newCal */ = {
			isa = PBXNativeTarget;
			buildConfigurationList = 046BE64F1F6BEA43007D884A /* Build configuration list for PBXNativeTarget "newCal" */;
			buildPhases = (
				046BE6391F6BEA43007D884A /* Sources */,
				046BE63A1F6BEA43007D884A /* Frameworks */,
				046BE63B1F6BEA43007D884A /* Resources */,
			);
			buildRules = (
			);
			dependencies = (
			);
			name = newCal;
			productName = newCal;
			productReference = 046BE63D1F6BEA43007D884A /* newCal.app */;
			productType = "com.apple.product-type.application";
		};
/* End PBXNativeTarget section */

/* Begin PBXProject section */
		046BE6351F6BEA43007D884A /* Project object */ = {
			isa = PBXProject;
			attributes = {
				LastSwiftUpdateCheck = 0830;
				LastUpgradeCheck = 0830;
				ORGANIZATIONNAME = "MIN JUN JU";
				TargetAttributes = {
					046BE63C1F6BEA43007D884A = {
						CreatedOnToolsVersion = 8.3.3;
						ProvisioningStyle = Automatic;
					};
				};
			};
			buildConfigurationList = 046BE6381F6BEA43007D884A /* Build configuration list for PBXProject "newCal" */;
			compatibilityVersion = "Xcode 3.2";
			developmentRegion = English;
			hasScannedForEncodings = 0;
			knownRegions = (
				en,
				Base,
			);
			mainGroup = 046BE6341F6BEA43007D884A;
			productRefGroup = 046BE63E1F6BEA43007D884A /* Products */;
			projectDirPath = "";
			projectRoot = "";
			targets = (
				046BE63C1F6BEA43007D884A /* newCal */,
			);
		};
/* End PBXProject section */

/* Begin PBXResourcesBuildPhase section */
		046BE63B1F6BEA43007D884A /* Resources */ = {
			isa = PBXResourcesBuildPhase;
			buildActionMask = 2147483647;
			files = (
				046BE64B1F6BEA43007D884A /* LaunchScreen.storyboard in Resources */,
				046BE6481F6BEA43007D884A /* Assets.xcassets in Resources */,
				046BE6461F6BEA43007D884A /* Main.storyboard in Resources */,
			);
			runOnlyForDeploymentPostprocessing = 0;
		};
/* End PBXResourcesBuildPhase section */

/* Begin PBXSourcesBuildPhase section */
		046BE6391F6BEA43007D884A /* Sources */ = {
			isa = PBXSourcesBuildPhase;
			buildActionMask = 2147483647;
			files = (
				046BE6431F6BEA43007D884A /* ViewController.swift in Sources */,
				046BE6411F6BEA43007D884A /* AppDelegate.swift in Sources */,
			);
			runOnlyForDeploymentPostprocessing = 0;
		};
/* End PBXSourcesBuildPhase section */

/* Begin PBXVariantGroup section */
		046BE6441F6BEA43007D884A /* Main.storyboard */ = {
			isa = PBXVariantGroup;
			children = (
				046BE6451F6BEA43007D884A /* Base */,
			);
			name = Main.storyboard;
			sourceTree = "<group>";
		};
		046BE6491F6BEA43007D884A /* LaunchScreen.storyboard */ = {
			isa = PBXVariantGroup;
			children = (
				046BE64A1F6BEA43007D884A /* Base */,
			);
			name = LaunchScreen.storyboard;
			sourceTree = "<group>";
		};
/* End PBXVariantGroup section */

/* Begin XCBuildConfiguration section */
		046BE64D1F6BEA43007D884A /* Debug */ = {
			isa = XCBuildConfiguration;
			buildSettings = {
				ALWAYS_SEARCH_USER_PATHS = NO;
				CLANG_ANALYZER_NONNULL = YES;
				CLANG_ANALYZER_NUMBER_OBJECT_CONVERSION = YES_AGGRESSIVE;
				CLANG_CXX_LANGUAGE_STANDARD = "gnu++0x";
				CLANG_CXX_LIBRARY = "libc++";
				CLANG_ENABLE_MODULES = YES;
				CLANG_ENABLE_OBJC_ARC = YES;
				CLANG_WARN_BOOL_CONVERSION = YES;
				CLANG_WARN_CONSTANT_CONVERSION = YES;
				CLANG_WARN_DIRECT_OBJC_ISA_USAGE = YES_ERROR;
				CLANG_WARN_DOCUMENTATION_COMMENTS = YES;
				CLANG_WARN_EMPTY_BODY = YES;
				CLANG_WARN_ENUM_CONVERSION = YES;
				CLANG_WARN_INFINITE_RECURSION = YES;
				CLANG_WARN_INT_CONVERSION = YES;
				CLANG_WARN_OBJC_ROOT_CLASS = YES_ERROR;
				CLANG_WARN_SUSPICIOUS_MOVE = YES;
				CLANG_WARN_UNREACHABLE_CODE = YES;
				CLANG_WARN__DUPLICATE_METHOD_MATCH = YES;
				"CODE_SIGN_IDENTITY[sdk=iphoneos*]" = "iPhone Developer";
				COPY_PHASE_STRIP = NO;
				DEBUG_INFORMATION_FORMAT = dwarf;
				ENABLE_STRICT_OBJC_MSGSEND = YES;
				ENABLE_TESTABILITY = YES;
				GCC_C_LANGUAGE_STANDARD = gnu99;
				GCC_DYNAMIC_NO_PIC = NO;
				GCC_NO_COMMON_BLOCKS = YES;
				GCC_OPTIMIZATION_LEVEL = 0;
				GCC_PREPROCESSOR_DEFINITIONS = (
					"DEBUG=1",
					"$(inherited)",
				);
				GCC_WARN_64_TO_32_BIT_CONVERSION = YES;
				GCC_WARN_ABOUT_RETURN_TYPE = YES_ERROR;
				GCC_WARN_UNDECLARED_SELECTOR = YES;
				GCC_WARN_UNINITIALIZED_AUTOS = YES_AGGRESSIVE;
				GCC_WARN_UNUSED_FUNCTION = YES;
				GCC_WARN_UNUSED_VARIABLE = YES;
				IPHONEOS_DEPLOYMENT_TARGET = 10.3;
				MTL_ENABLE_DEBUG_INFO = YES;
				ONLY_ACTIVE_ARCH = YES;
				SDKROOT = iphoneos;
				SWIFT_ACTIVE_COMPILATION_CONDITIONS = DEBUG;
				SWIFT_OPTIMIZATION_LEVEL = "-Onone";
			};
			name = Debug;
		};
		046BE64E1F6BEA43007D884A /* Release */ = {
			isa = XCBuildConfiguration;
			buildSettings = {
				ALWAYS_SEARCH_USER_PATHS = NO;
				CLANG_ANALYZER_NONNULL = YES;
				CLANG_ANALYZER_NUMBER_OBJECT_CONVERSION = YES_AGGRESSIVE;
				CLANG_CXX_LANGUAGE_STANDARD = "gnu++0x";
				CLANG_CXX_LIBRARY = "libc++";
				CLANG_ENABLE_MODULES = YES;
				CLANG_ENABLE_OBJC_ARC = YES;
				CLANG_WARN_BOOL_CONVERSION = YES;
				CLANG_WARN_CONSTANT_CONVERSION = YES;
				CLANG_WARN_DIRECT_OBJC_ISA_USAGE = YES_ERROR;
				CLANG_WARN_DOCUMENTATION_COMMENTS = YES;
				CLANG_WARN_EMPTY_BODY = YES;
				CLANG_WARN_ENUM_CONVERSION = YES;
				CLANG_WARN_INFINITE_RECURSION = YES;
				CLANG_WARN_INT_CONVERSION = YES;
				CLANG_WARN_OBJC_ROOT_CLASS = YES_ERROR;
				CLANG_WARN_SUSPICIOUS_MOVE = YES;
				CLANG_WARN_UNREACHABLE_CODE = YES;
				CLANG_WARN__DUPLICATE_METHOD_MATCH = YES;
				"CODE_SIGN_IDENTITY[sdk=iphoneos*]" = "iPhone Developer";
				COPY_PHASE_STRIP = NO;
				DEBUG_INFORMATION_FORMAT = "dwarf-with-dsym";
				ENABLE_NS_ASSERTIONS = NO;
				ENABLE_STRICT_OBJC_MSGSEND = YES;
				GCC_C_LANGUAGE_STANDARD = gnu99;
				GCC_NO_COMMON_BLOCKS = YES;
				GCC_WARN_64_TO_32_BIT_CONVERSION = YES;
				GCC_WARN_ABOUT_RETURN_TYPE = YES_ERROR;
				GCC_WARN_UNDECLARED_SELECTOR = YES;
				GCC_WARN_UNINITIALIZED_AUTOS = YES_AGGRESSIVE;
				GCC_WARN_UNUSED_FUNCTION = YES;
				GCC_WARN_UNUSED_VARIABLE = YES;
				IPHONEOS_DEPLOYMENT_TARGET = 10.3;
				MTL_ENABLE_DEBUG_INFO = NO;
				SDKROOT = iphoneos;
				SWIFT_OPTIMIZATION_LEVEL = "-Owholemodule";
				VALIDATE_PRODUCT = YES;
			};
			name = Release;
		};
		046BE6501F6BEA43007D884A /* Debug */ = {
			isa = XCBuildConfiguration;
			buildSettings = {
				ASSETCATALOG_COMPILER_APPICON_NAME = AppIcon;
				INFOPLIST_FILE = newCal/Info.plist;
				LD_RUNPATH_SEARCH_PATHS = "$(inherited) @executable_path/Frameworks";
				PRODUCT_BUNDLE_IDENTIFIER = first.newCal;
				PRODUCT_NAME = "$(TARGET_NAME)";
				SWIFT_VERSION = 3.0;
			};
			name = Debug;
		};
		046BE6511F6BEA43007D884A /* Release */ = {
			isa = XCBuildConfiguration;
			buildSettings = {
				ASSETCATALOG_COMPILER_APPICON_NAME = AppIcon;
				INFOPLIST_FILE = newCal/Info.plist;
				LD_RUNPATH_SEARCH_PATHS = "$(inherited) @executable_path/Frameworks";
				PRODUCT_BUNDLE_IDENTIFIER = first.newCal;
				PRODUCT_NAME = "$(TARGET_NAME)";
				SWIFT_VERSION = 3.0;
			};
			name = Release;
		};
/* End XCBuildConfiguration section */

/* Begin XCConfigurationList section */
		046BE6381F6BEA43007D884A /* Build configuration list for PBXProject "newCal" */ = {
			isa = XCConfigurationList;
			buildConfigurations = (
				046BE64D1F6BEA43007D884A /* Debug */,
				046BE64E1F6BEA43007D884A /* Release */,
			);
			defaultConfigurationIsVisible = 0;
			defaultConfigurationName = Release;
		};
		046BE64F1F6BEA43007D884A /* Build configuration list for PBXNativeTarget "newCal" */ = {
			isa = XCConfigurationList;
			buildConfigurations = (
				046BE6501F6BEA43007D884A /* Debug */,
				046BE6511F6BEA43007D884A /* Release */,
			);
			defaultConfigurationIsVisible = 0;
		};
/* End XCConfigurationList section */
	};
	rootObject = 046BE6351F6BEA43007D884A /* Project object */;
}
