// !$*UTF8*$!
{
	archiveVersion = 1;
	classes = {
	};
	objectVersion = 48;
	objects = {

/* Begin PBXBuildFile section */
		04A60FBE1F9B308F00C665FE /* AppDelegate.swift in Sources */ = {isa = PBXBuildFile; fileRef = 04A60FBD1F9B308F00C665FE /* AppDelegate.swift */; };
		04A60FC01F9B308F00C665FE /* ViewController.swift in Sources */ = {isa = PBXBuildFile; fileRef = 04A60FBF1F9B308F00C665FE /* ViewController.swift */; };
		04A60FC31F9B308F00C665FE /* Main.storyboard in Resources */ = {isa = PBXBuildFile; fileRef = 04A60FC11F9B308F00C665FE /* Main.storyboard */; };
		04A60FC51F9B308F00C665FE /* Assets.xcassets in Resources */ = {isa = PBXBuildFile; fileRef = 04A60FC41F9B308F00C665FE /* Assets.xcassets */; };
		04A60FC81F9B308F00C665FE /* LaunchScreen.storyboard in Resources */ = {isa = PBXBuildFile; fileRef = 04A60FC61F9B308F00C665FE /* LaunchScreen.storyboard */; };
		04A60FD21F9B32C500C665FE /* Data.plist in Resources */ = {isa = PBXBuildFile; fileRef = 04A60FD11F9B32C500C665FE /* Data.plist */; };
/* End PBXBuildFile section */

/* Begin PBXFileReference section */
		04A60FBA1F9B308F00C665FE /* 17-10-21-testPlist.app */ = {isa = PBXFileReference; explicitFileType = wrapper.application; includeInIndex = 0; path = "17-10-21-testPlist.app"; sourceTree = BUILT_PRODUCTS_DIR; };
		04A60FBD1F9B308F00C665FE /* AppDelegate.swift */ = {isa = PBXFileReference; lastKnownFileType = sourcecode.swift; path = AppDelegate.swift; sourceTree = "<group>"; };
		04A60FBF1F9B308F00C665FE /* ViewController.swift */ = {isa = PBXFileReference; lastKnownFileType = sourcecode.swift; path = ViewController.swift; sourceTree = "<group>"; };
		04A60FC21F9B308F00C665FE /* Base */ = {isa = PBXFileReference; lastKnownFileType = file.storyboard; name = Base; path = Base.lproj/Main.storyboard; sourceTree = "<group>"; };
		04A60FC41F9B308F00C665FE /* Assets.xcassets */ = {isa = PBXFileReference; lastKnownFileType = folder.assetcatalog; path = Assets.xcassets; sourceTree = "<group>"; };
		04A60FC71F9B308F00C665FE /* Base */ = {isa = PBXFileReference; lastKnownFileType = file.storyboard; name = Base; path = Base.lproj/LaunchScreen.storyboard; sourceTree = "<group>"; };
		04A60FC91F9B308F00C665FE /* Info.plist */ = {isa = PBXFileReference; lastKnownFileType = text.plist.xml; path = Info.plist; sourceTree = "<group>"; };
		04A60FD11F9B32C500C665FE /* Data.plist */ = {isa = PBXFileReference; lastKnownFileType = text.plist.xml; path = Data.plist; sourceTree = "<group>"; };
/* End PBXFileReference section */

/* Begin PBXFrameworksBuildPhase section */
		04A60FB71F9B308F00C665FE /* Frameworks */ = {
			isa = PBXFrameworksBuildPhase;
			buildActionMask = 2147483647;
			files = (
			);
			runOnlyForDeploymentPostprocessing = 0;
		};
/* End PBXFrameworksBuildPhase section */

/* Begin PBXGroup section */
		04A60FB11F9B308F00C665FE = {
			isa = PBXGroup;
			children = (
				04A60FBC1F9B308F00C665FE /* 17-10-21-testPlist */,
				04A60FBB1F9B308F00C665FE /* Products */,
			);
			sourceTree = "<group>";
		};
		04A60FBB1F9B308F00C665FE /* Products */ = {
			isa = PBXGroup;
			children = (
				04A60FBA1F9B308F00C665FE /* 17-10-21-testPlist.app */,
			);
			name = Products;
			sourceTree = "<group>";
		};
		04A60FBC1F9B308F00C665FE /* 17-10-21-testPlist */ = {
			isa = PBXGroup;
			children = (
				04A60FBD1F9B308F00C665FE /* AppDelegate.swift */,
				04A60FBF1F9B308F00C665FE /* ViewController.swift */,
				04A60FC11F9B308F00C665FE /* Main.storyboard */,
				04A60FC41F9B308F00C665FE /* Assets.xcassets */,
				04A60FC61F9B308F00C665FE /* LaunchScreen.storyboard */,
				04A60FD11F9B32C500C665FE /* Data.plist */,
				04A60FC91F9B308F00C665FE /* Info.plist */,
			);
			path = "17-10-21-testPlist";
			sourceTree = "<group>";
		};
/* End PBXGroup section */

/* Begin PBXNativeTarget section */
		04A60FB91F9B308F00C665FE /* 17-10-21-testPlist */ = {
			isa = PBXNativeTarget;
			buildConfigurationList = 04A60FCC1F9B308F00C665FE /* Build configuration list for PBXNativeTarget "17-10-21-testPlist" */;
			buildPhases = (
				04A60FB61F9B308F00C665FE /* Sources */,
				04A60FB71F9B308F00C665FE /* Frameworks */,
				04A60FB81F9B308F00C665FE /* Resources */,
			);
			buildRules = (
			);
			dependencies = (
			);
			name = "17-10-21-testPlist";
			productName = "17-10-21-testPlist";
			productReference = 04A60FBA1F9B308F00C665FE /* 17-10-21-testPlist.app */;
			productType = "com.apple.product-type.application";
		};
/* End PBXNativeTarget section */

/* Begin PBXProject section */
		04A60FB21F9B308F00C665FE /* Project object */ = {
			isa = PBXProject;
			attributes = {
				LastSwiftUpdateCheck = 0900;
				LastUpgradeCheck = 0900;
				ORGANIZATIONNAME = "MIN JUN JU";
				TargetAttributes = {
					04A60FB91F9B308F00C665FE = {
						CreatedOnToolsVersion = 9.0;
						ProvisioningStyle = Automatic;
					};
				};
			};
			buildConfigurationList = 04A60FB51F9B308F00C665FE /* Build configuration list for PBXProject "17-10-21-testPlist" */;
			compatibilityVersion = "Xcode 8.0";
			developmentRegion = en;
			hasScannedForEncodings = 0;
			knownRegions = (
				en,
				Base,
			);
			mainGroup = 04A60FB11F9B308F00C665FE;
			productRefGroup = 04A60FBB1F9B308F00C665FE /* Products */;
			projectDirPath = "";
			projectRoot = "";
			targets = (
				04A60FB91F9B308F00C665FE /* 17-10-21-testPlist */,
			);
		};
/* End PBXProject section */

/* Begin PBXResourcesBuildPhase section */
		04A60FB81F9B308F00C665FE /* Resources */ = {
			isa = PBXResourcesBuildPhase;
			buildActionMask = 2147483647;
			files = (
				04A60FC81F9B308F00C665FE /* LaunchScreen.storyboard in Resources */,
				04A60FC51F9B308F00C665FE /* Assets.xcassets in Resources */,
				04A60FD21F9B32C500C665FE /* Data.plist in Resources */,
				04A60FC31F9B308F00C665FE /* Main.storyboard in Resources */,
			);
			runOnlyForDeploymentPostprocessing = 0;
		};
/* End PBXResourcesBuildPhase section */

/* Begin PBXSourcesBuildPhase section */
		04A60FB61F9B308F00C665FE /* Sources */ = {
			isa = PBXSourcesBuildPhase;
			buildActionMask = 2147483647;
			files = (
				04A60FC01F9B308F00C665FE /* ViewController.swift in Sources */,
				04A60FBE1F9B308F00C665FE /* AppDelegate.swift in Sources */,
			);
			runOnlyForDeploymentPostprocessing = 0;
		};
/* End PBXSourcesBuildPhase section */

/* Begin PBXVariantGroup section */
		04A60FC11F9B308F00C665FE /* Main.storyboard */ = {
			isa = PBXVariantGroup;
			children = (
				04A60FC21F9B308F00C665FE /* Base */,
			);
			name = Main.storyboard;
			sourceTree = "<group>";
		};
		04A60FC61F9B308F00C665FE /* LaunchScreen.storyboard */ = {
			isa = PBXVariantGroup;
			children = (
				04A60FC71F9B308F00C665FE /* Base */,
			);
			name = LaunchScreen.storyboard;
			sourceTree = "<group>";
		};
/* End PBXVariantGroup section */

/* Begin XCBuildConfiguration section */
		04A60FCA1F9B308F00C665FE /* Debug */ = {
			isa = XCBuildConfiguration;
			buildSettings = {
				ALWAYS_SEARCH_USER_PATHS = NO;
				CLANG_ANALYZER_NONNULL = YES;
				CLANG_ANALYZER_NUMBER_OBJECT_CONVERSION = YES_AGGRESSIVE;
				CLANG_CXX_LANGUAGE_STANDARD = "gnu++14";
				CLANG_CXX_LIBRARY = "libc++";
				CLANG_ENABLE_MODULES = YES;
				CLANG_ENABLE_OBJC_ARC = YES;
				CLANG_WARN_BLOCK_CAPTURE_AUTORELEASING = YES;
				CLANG_WARN_BOOL_CONVERSION = YES;
				CLANG_WARN_COMMA = YES;
				CLANG_WARN_CONSTANT_CONVERSION = YES;
				CLANG_WARN_DIRECT_OBJC_ISA_USAGE = YES_ERROR;
				CLANG_WARN_DOCUMENTATION_COMMENTS = YES;
				CLANG_WARN_EMPTY_BODY = YES;
				CLANG_WARN_ENUM_CONVERSION = YES;
				CLANG_WARN_INFINITE_RECURSION = YES;
				CLANG_WARN_INT_CONVERSION = YES;
				CLANG_WARN_NON_LITERAL_NULL_CONVERSION = YES;
				CLANG_WARN_OBJC_LITERAL_CONVERSION = YES;
				CLANG_WARN_OBJC_ROOT_CLASS = YES_ERROR;
				CLANG_WARN_RANGE_LOOP_ANALYSIS = YES;
				CLANG_WARN_STRICT_PROTOTYPES = YES;
				CLANG_WARN_SUSPICIOUS_MOVE = YES;
				CLANG_WARN_UNGUARDED_AVAILABILITY = YES_AGGRESSIVE;
				CLANG_WARN_UNREACHABLE_CODE = YES;
				CLANG_WARN__DUPLICATE_METHOD_MATCH = YES;
				CODE_SIGN_IDENTITY = "iPhone Developer";
				COPY_PHASE_STRIP = NO;
				DEBUG_INFORMATION_FORMAT = dwarf;
				ENABLE_STRICT_OBJC_MSGSEND = YES;
				ENABLE_TESTABILITY = YES;
				GCC_C_LANGUAGE_STANDARD = gnu11;
				GCC_DYNAMIC_NO_PIC = NO;
				GCC_NO_COMMON_BLOCKS = YES;
				GCC_OPTIMIZATION_LEVEL = 0;
				GCC_PREPROCESSOR_DEFINITIONS = (
					"DEBUG=1",
					"$(inherited)",
				);
				GCC_WARN_64_TO_32_BIT_CONVERSION = YES;
				GCC_WARN_ABOUT_RETURN_TYPE = YES_ERROR;
				GCC_WARN_UNDECLARED_SELECTOR = YES;
				GCC_WARN_UNINITIALIZED_AUTOS = YES_AGGRESSIVE;
				GCC_WARN_UNUSED_FUNCTION = YES;
				GCC_WARN_UNUSED_VARIABLE = YES;
				IPHONEOS_DEPLOYMENT_TARGET = 11.0;
				MTL_ENABLE_DEBUG_INFO = YES;
				ONLY_ACTIVE_ARCH = YES;
				SDKROOT = iphoneos;
				SWIFT_ACTIVE_COMPILATION_CONDITIONS = DEBUG;
				SWIFT_OPTIMIZATION_LEVEL = "-Onone";
			};
			name = Debug;
		};
		04A60FCB1F9B308F00C665FE /* Release */ = {
			isa = XCBuildConfiguration;
			buildSettings = {
				ALWAYS_SEARCH_USER_PATHS = NO;
				CLANG_ANALYZER_NONNULL = YES;
				CLANG_ANALYZER_NUMBER_OBJECT_CONVERSION = YES_AGGRESSIVE;
				CLANG_CXX_LANGUAGE_STANDARD = "gnu++14";
				CLANG_CXX_LIBRARY = "libc++";
				CLANG_ENABLE_MODULES = YES;
				CLANG_ENABLE_OBJC_ARC = YES;
				CLANG_WARN_BLOCK_CAPTURE_AUTORELEASING = YES;
				CLANG_WARN_BOOL_CONVERSION = YES;
				CLANG_WARN_COMMA = YES;
				CLANG_WARN_CONSTANT_CONVERSION = YES;
				CLANG_WARN_DIRECT_OBJC_ISA_USAGE = YES_ERROR;
				CLANG_WARN_DOCUMENTATION_COMMENTS = YES;
				CLANG_WARN_EMPTY_BODY = YES;
				CLANG_WARN_ENUM_CONVERSION = YES;
				CLANG_WARN_INFINITE_RECURSION = YES;
				CLANG_WARN_INT_CONVERSION = YES;
				CLANG_WARN_NON_LITERAL_NULL_CONVERSION = YES;
				CLANG_WARN_OBJC_LITERAL_CONVERSION = YES;
				CLANG_WARN_OBJC_ROOT_CLASS = YES_ERROR;
				CLANG_WARN_RANGE_LOOP_ANALYSIS = YES;
				CLANG_WARN_STRICT_PROTOTYPES = YES;
				CLANG_WARN_SUSPICIOUS_MOVE = YES;
				CLANG_WARN_UNGUARDED_AVAILABILITY = YES_AGGRESSIVE;
				CLANG_WARN_UNREACHABLE_CODE = YES;
				CLANG_WARN__DUPLICATE_METHOD_MATCH = YES;
				CODE_SIGN_IDENTITY = "iPhone Developer";
				COPY_PHASE_STRIP = NO;
				DEBUG_INFORMATION_FORMAT = "dwarf-with-dsym";
				ENABLE_NS_ASSERTIONS = NO;
				ENABLE_STRICT_OBJC_MSGSEND = YES;
				GCC_C_LANGUAGE_STANDARD = gnu11;
				GCC_NO_COMMON_BLOCKS = YES;
				GCC_WARN_64_TO_32_BIT_CONVERSION = YES;
				GCC_WARN_ABOUT_RETURN_TYPE = YES_ERROR;
				GCC_WARN_UNDECLARED_SELECTOR = YES;
				GCC_WARN_UNINITIALIZED_AUTOS = YES_AGGRESSIVE;
				GCC_WARN_UNUSED_FUNCTION = YES;
				GCC_WARN_UNUSED_VARIABLE = YES;
				IPHONEOS_DEPLOYMENT_TARGET = 11.0;
				MTL_ENABLE_DEBUG_INFO = NO;
				SDKROOT = iphoneos;
				SWIFT_OPTIMIZATION_LEVEL = "-Owholemodule";
				VALIDATE_PRODUCT = YES;
			};
			name = Release;
		};
		04A60FCD1F9B308F00C665FE /* Debug */ = {
			isa = XCBuildConfiguration;
			buildSettings = {
				ASSETCATALOG_COMPILER_APPICON_NAME = AppIcon;
				CODE_SIGN_STYLE = Automatic;
				INFOPLIST_FILE = "17-10-21-testPlist/Info.plist";
				LD_RUNPATH_SEARCH_PATHS = "$(inherited) @executable_path/Frameworks";
				PRODUCT_BUNDLE_IDENTIFIER = "Oraganization.-7-10-21-testPlist";
				PRODUCT_NAME = "$(TARGET_NAME)";
				SWIFT_VERSION = 4.0;
				TARGETED_DEVICE_FAMILY = "1,2";
			};
			name = Debug;
		};
		04A60FCE1F9B308F00C665FE /* Release */ = {
			isa = XCBuildConfiguration;
			buildSettings = {
				ASSETCATALOG_COMPILER_APPICON_NAME = AppIcon;
				CODE_SIGN_STYLE = Automatic;
				INFOPLIST_FILE = "17-10-21-testPlist/Info.plist";
				LD_RUNPATH_SEARCH_PATHS = "$(inherited) @executable_path/Frameworks";
				PRODUCT_BUNDLE_IDENTIFIER = "Oraganization.-7-10-21-testPlist";
				PRODUCT_NAME = "$(TARGET_NAME)";
				SWIFT_VERSION = 4.0;
				TARGETED_DEVICE_FAMILY = "1,2";
			};
			name = Release;
		};
/* End XCBuildConfiguration section */

/* Begin XCConfigurationList section */
		04A60FB51F9B308F00C665FE /* Build configuration list for PBXProject "17-10-21-testPlist" */ = {
			isa = XCConfigurationList;
			buildConfigurations = (
				04A60FCA1F9B308F00C665FE /* Debug */,
				04A60FCB1F9B308F00C665FE /* Release */,
			);
			defaultConfigurationIsVisible = 0;
			defaultConfigurationName = Release;
		};
		04A60FCC1F9B308F00C665FE /* Build configuration list for PBXNativeTarget "17-10-21-testPlist" */ = {
			isa = XCConfigurationList;
			buildConfigurations = (
				04A60FCD1F9B308F00C665FE /* Debug */,
				04A60FCE1F9B308F00C665FE /* Release */,
			);
			defaultConfigurationIsVisible = 0;
			defaultConfigurationName = Release;
		};
/* End XCConfigurationList section */
	};
	rootObject = 04A60FB21F9B308F00C665FE /* Project object */;
}
