// !$*UTF8*$!
{
	archiveVersion = 1;
	classes = {
	};
	objectVersion = 48;
	objects = {

/* Begin PBXBuildFile section */
		042C9B6D1FBC896B00BC826C /* AddViewController.swift in Sources */ = {isa = PBXBuildFile; fileRef = 042C9B6C1FBC896B00BC826C /* AddViewController.swift */; };
		046A3DDC1FBC0A3F008D4391 /* AppDelegate.swift in Sources */ = {isa = PBXBuildFile; fileRef = 046A3DDB1FBC0A3F008D4391 /* AppDelegate.swift */; };
		046A3DDE1FBC0A3F008D4391 /* ViewController.swift in Sources */ = {isa = PBXBuildFile; fileRef = 046A3DDD1FBC0A3F008D4391 /* ViewController.swift */; };
		046A3DE11FBC0A3F008D4391 /* Main.storyboard in Resources */ = {isa = PBXBuildFile; fileRef = 046A3DDF1FBC0A3F008D4391 /* Main.storyboard */; };
		046A3DE31FBC0A3F008D4391 /* Assets.xcassets in Resources */ = {isa = PBXBuildFile; fileRef = 046A3DE21FBC0A3F008D4391 /* Assets.xcassets */; };
		046A3DE61FBC0A3F008D4391 /* LaunchScreen.storyboard in Resources */ = {isa = PBXBuildFile; fileRef = 046A3DE41FBC0A3F008D4391 /* LaunchScreen.storyboard */; };
		046A3DEE1FBC1064008D4391 /* MainViewController.swift in Sources */ = {isa = PBXBuildFile; fileRef = 046A3DED1FBC1064008D4391 /* MainViewController.swift */; };
		046A3DF01FBC12BE008D4391 /* test.jpg in Resources */ = {isa = PBXBuildFile; fileRef = 046A3DEF1FBC12BE008D4391 /* test.jpg */; };
		046A3DF21FBC26ED008D4391 /* WeatherData.swift in Sources */ = {isa = PBXBuildFile; fileRef = 046A3DF11FBC26ED008D4391 /* WeatherData.swift */; };
		04B1F57A1FBD816600B48819 /* CityList.json in Resources */ = {isa = PBXBuildFile; fileRef = 04B1F5791FBD816600B48819 /* CityList.json */; };
/* End PBXBuildFile section */

/* Begin PBXFileReference section */
		042C9B6C1FBC896B00BC826C /* AddViewController.swift */ = {isa = PBXFileReference; lastKnownFileType = sourcecode.swift; path = AddViewController.swift; sourceTree = "<group>"; };
		046A3DD81FBC0A3F008D4391 /* 17-11-15-NetWork-openWeatherMap.app */ = {isa = PBXFileReference; explicitFileType = wrapper.application; includeInIndex = 0; path = "17-11-15-NetWork-openWeatherMap.app"; sourceTree = BUILT_PRODUCTS_DIR; };
		046A3DDB1FBC0A3F008D4391 /* AppDelegate.swift */ = {isa = PBXFileReference; lastKnownFileType = sourcecode.swift; path = AppDelegate.swift; sourceTree = "<group>"; };
		046A3DDD1FBC0A3F008D4391 /* ViewController.swift */ = {isa = PBXFileReference; lastKnownFileType = sourcecode.swift; path = ViewController.swift; sourceTree = "<group>"; };
		046A3DE01FBC0A3F008D4391 /* Base */ = {isa = PBXFileReference; lastKnownFileType = file.storyboard; name = Base; path = Base.lproj/Main.storyboard; sourceTree = "<group>"; };
		046A3DE21FBC0A3F008D4391 /* Assets.xcassets */ = {isa = PBXFileReference; lastKnownFileType = folder.assetcatalog; path = Assets.xcassets; sourceTree = "<group>"; };
		046A3DE51FBC0A3F008D4391 /* Base */ = {isa = PBXFileReference; lastKnownFileType = file.storyboard; name = Base; path = Base.lproj/LaunchScreen.storyboard; sourceTree = "<group>"; };
		046A3DE71FBC0A3F008D4391 /* Info.plist */ = {isa = PBXFileReference; lastKnownFileType = text.plist.xml; path = Info.plist; sourceTree = "<group>"; };
		046A3DED1FBC1064008D4391 /* MainViewController.swift */ = {isa = PBXFileReference; lastKnownFileType = sourcecode.swift; path = MainViewController.swift; sourceTree = "<group>"; };
		046A3DEF1FBC12BE008D4391 /* test.jpg */ = {isa = PBXFileReference; lastKnownFileType = image.jpeg; path = test.jpg; sourceTree = "<group>"; };
		046A3DF11FBC26ED008D4391 /* WeatherData.swift */ = {isa = PBXFileReference; lastKnownFileType = sourcecode.swift; path = WeatherData.swift; sourceTree = "<group>"; };
		04B1F5791FBD816600B48819 /* CityList.json */ = {isa = PBXFileReference; fileEncoding = 4; lastKnownFileType = text.json; path = CityList.json; sourceTree = "<group>"; };
/* End PBXFileReference section */

/* Begin PBXFrameworksBuildPhase section */
		046A3DD51FBC0A3F008D4391 /* Frameworks */ = {
			isa = PBXFrameworksBuildPhase;
			buildActionMask = 2147483647;
			files = (
			);
			runOnlyForDeploymentPostprocessing = 0;
		};
/* End PBXFrameworksBuildPhase section */

/* Begin PBXGroup section */
		042C9B6E1FBC897200BC826C /* AppDelegate */ = {
			isa = PBXGroup;
			children = (
				046A3DDB1FBC0A3F008D4391 /* AppDelegate.swift */,
			);
			path = AppDelegate;
			sourceTree = "<group>";
		};
		042C9B6F1FBC897E00BC826C /* DataModel */ = {
			isa = PBXGroup;
			children = (
				046A3DF11FBC26ED008D4391 /* WeatherData.swift */,
			);
			path = DataModel;
			sourceTree = "<group>";
		};
		042C9B701FBC898600BC826C /* ViewController */ = {
			isa = PBXGroup;
			children = (
				042C9B6C1FBC896B00BC826C /* AddViewController.swift */,
				046A3DED1FBC1064008D4391 /* MainViewController.swift */,
			);
			path = ViewController;
			sourceTree = "<group>";
		};
		046A3DCF1FBC0A3F008D4391 = {
			isa = PBXGroup;
			children = (
				046A3DDA1FBC0A3F008D4391 /* 17-11-15-NetWork-openWeatherMap */,
				046A3DD91FBC0A3F008D4391 /* Products */,
			);
			sourceTree = "<group>";
		};
		046A3DD91FBC0A3F008D4391 /* Products */ = {
			isa = PBXGroup;
			children = (
				046A3DD81FBC0A3F008D4391 /* 17-11-15-NetWork-openWeatherMap.app */,
			);
			name = Products;
			sourceTree = "<group>";
		};
		046A3DDA1FBC0A3F008D4391 /* 17-11-15-NetWork-openWeatherMap */ = {
			isa = PBXGroup;
			children = (
				042C9B6E1FBC897200BC826C /* AppDelegate */,
				046A3DDD1FBC0A3F008D4391 /* ViewController.swift */,
				042C9B6F1FBC897E00BC826C /* DataModel */,
				042C9B701FBC898600BC826C /* ViewController */,
				046A3DEF1FBC12BE008D4391 /* test.jpg */,
				04B1F5791FBD816600B48819 /* CityList.json */,
				046A3DDF1FBC0A3F008D4391 /* Main.storyboard */,
				046A3DE21FBC0A3F008D4391 /* Assets.xcassets */,
				046A3DE41FBC0A3F008D4391 /* LaunchScreen.storyboard */,
				046A3DE71FBC0A3F008D4391 /* Info.plist */,
			);
			path = "17-11-15-NetWork-openWeatherMap";
			sourceTree = "<group>";
		};
/* End PBXGroup section */

/* Begin PBXNativeTarget section */
		046A3DD71FBC0A3F008D4391 /* 17-11-15-NetWork-openWeatherMap */ = {
			isa = PBXNativeTarget;
			buildConfigurationList = 046A3DEA1FBC0A3F008D4391 /* Build configuration list for PBXNativeTarget "17-11-15-NetWork-openWeatherMap" */;
			buildPhases = (
				046A3DD41FBC0A3F008D4391 /* Sources */,
				046A3DD51FBC0A3F008D4391 /* Frameworks */,
				046A3DD61FBC0A3F008D4391 /* Resources */,
			);
			buildRules = (
			);
			dependencies = (
			);
			name = "17-11-15-NetWork-openWeatherMap";
			productName = "17-11-15-NetWork-openWeatherMap";
			productReference = 046A3DD81FBC0A3F008D4391 /* 17-11-15-NetWork-openWeatherMap.app */;
			productType = "com.apple.product-type.application";
		};
/* End PBXNativeTarget section */

/* Begin PBXProject section */
		046A3DD01FBC0A3F008D4391 /* Project object */ = {
			isa = PBXProject;
			attributes = {
				LastSwiftUpdateCheck = 0910;
				LastUpgradeCheck = 0910;
				ORGANIZATIONNAME = "MIN JUN JU";
				TargetAttributes = {
					046A3DD71FBC0A3F008D4391 = {
						CreatedOnToolsVersion = 9.1;
						ProvisioningStyle = Automatic;
					};
				};
			};
			buildConfigurationList = 046A3DD31FBC0A3F008D4391 /* Build configuration list for PBXProject "17-11-15-NetWork-openWeatherMap" */;
			compatibilityVersion = "Xcode 8.0";
			developmentRegion = en;
			hasScannedForEncodings = 0;
			knownRegions = (
				en,
				Base,
			);
			mainGroup = 046A3DCF1FBC0A3F008D4391;
			productRefGroup = 046A3DD91FBC0A3F008D4391 /* Products */;
			projectDirPath = "";
			projectRoot = "";
			targets = (
				046A3DD71FBC0A3F008D4391 /* 17-11-15-NetWork-openWeatherMap */,
			);
		};
/* End PBXProject section */

/* Begin PBXResourcesBuildPhase section */
		046A3DD61FBC0A3F008D4391 /* Resources */ = {
			isa = PBXResourcesBuildPhase;
			buildActionMask = 2147483647;
			files = (
				04B1F57A1FBD816600B48819 /* CityList.json in Resources */,
				046A3DE61FBC0A3F008D4391 /* LaunchScreen.storyboard in Resources */,
				046A3DE31FBC0A3F008D4391 /* Assets.xcassets in Resources */,
				046A3DE11FBC0A3F008D4391 /* Main.storyboard in Resources */,
				046A3DF01FBC12BE008D4391 /* test.jpg in Resources */,
			);
			runOnlyForDeploymentPostprocessing = 0;
		};
/* End PBXResourcesBuildPhase section */

/* Begin PBXSourcesBuildPhase section */
		046A3DD41FBC0A3F008D4391 /* Sources */ = {
			isa = PBXSourcesBuildPhase;
			buildActionMask = 2147483647;
			files = (
				042C9B6D1FBC896B00BC826C /* AddViewController.swift in Sources */,
				046A3DEE1FBC1064008D4391 /* MainViewController.swift in Sources */,
				046A3DDE1FBC0A3F008D4391 /* ViewController.swift in Sources */,
				046A3DF21FBC26ED008D4391 /* WeatherData.swift in Sources */,
				046A3DDC1FBC0A3F008D4391 /* AppDelegate.swift in Sources */,
			);
			runOnlyForDeploymentPostprocessing = 0;
		};
/* End PBXSourcesBuildPhase section */

/* Begin PBXVariantGroup section */
		046A3DDF1FBC0A3F008D4391 /* Main.storyboard */ = {
			isa = PBXVariantGroup;
			children = (
				046A3DE01FBC0A3F008D4391 /* Base */,
			);
			name = Main.storyboard;
			sourceTree = "<group>";
		};
		046A3DE41FBC0A3F008D4391 /* LaunchScreen.storyboard */ = {
			isa = PBXVariantGroup;
			children = (
				046A3DE51FBC0A3F008D4391 /* Base */,
			);
			name = LaunchScreen.storyboard;
			sourceTree = "<group>";
		};
/* End PBXVariantGroup section */

/* Begin XCBuildConfiguration section */
		046A3DE81FBC0A3F008D4391 /* Debug */ = {
			isa = XCBuildConfiguration;
			buildSettings = {
				ALWAYS_SEARCH_USER_PATHS = NO;
				CLANG_ANALYZER_NONNULL = YES;
				CLANG_ANALYZER_NUMBER_OBJECT_CONVERSION = YES_AGGRESSIVE;
				CLANG_CXX_LANGUAGE_STANDARD = "gnu++14";
				CLANG_CXX_LIBRARY = "libc++";
				CLANG_ENABLE_MODULES = YES;
				CLANG_ENABLE_OBJC_ARC = YES;
				CLANG_WARN_BLOCK_CAPTURE_AUTORELEASING = YES;
				CLANG_WARN_BOOL_CONVERSION = YES;
				CLANG_WARN_COMMA = YES;
				CLANG_WARN_CONSTANT_CONVERSION = YES;
				CLANG_WARN_DIRECT_OBJC_ISA_USAGE = YES_ERROR;
				CLANG_WARN_DOCUMENTATION_COMMENTS = YES;
				CLANG_WARN_EMPTY_BODY = YES;
				CLANG_WARN_ENUM_CONVERSION = YES;
				CLANG_WARN_INFINITE_RECURSION = YES;
				CLANG_WARN_INT_CONVERSION = YES;
				CLANG_WARN_NON_LITERAL_NULL_CONVERSION = YES;
				CLANG_WARN_OBJC_LITERAL_CONVERSION = YES;
				CLANG_WARN_OBJC_ROOT_CLASS = YES_ERROR;
				CLANG_WARN_RANGE_LOOP_ANALYSIS = YES;
				CLANG_WARN_STRICT_PROTOTYPES = YES;
				CLANG_WARN_SUSPICIOUS_MOVE = YES;
				CLANG_WARN_UNGUARDED_AVAILABILITY = YES_AGGRESSIVE;
				CLANG_WARN_UNREACHABLE_CODE = YES;
				CLANG_WARN__DUPLICATE_METHOD_MATCH = YES;
				CODE_SIGN_IDENTITY = "iPhone Developer";
				COPY_PHASE_STRIP = NO;
				DEBUG_INFORMATION_FORMAT = dwarf;
				ENABLE_STRICT_OBJC_MSGSEND = YES;
				ENABLE_TESTABILITY = YES;
				GCC_C_LANGUAGE_STANDARD = gnu11;
				GCC_DYNAMIC_NO_PIC = NO;
				GCC_NO_COMMON_BLOCKS = YES;
				GCC_OPTIMIZATION_LEVEL = 0;
				GCC_PREPROCESSOR_DEFINITIONS = (
					"DEBUG=1",
					"$(inherited)",
				);
				GCC_WARN_64_TO_32_BIT_CONVERSION = YES;
				GCC_WARN_ABOUT_RETURN_TYPE = YES_ERROR;
				GCC_WARN_UNDECLARED_SELECTOR = YES;
				GCC_WARN_UNINITIALIZED_AUTOS = YES_AGGRESSIVE;
				GCC_WARN_UNUSED_FUNCTION = YES;
				GCC_WARN_UNUSED_VARIABLE = YES;
				IPHONEOS_DEPLOYMENT_TARGET = 11.1;
				MTL_ENABLE_DEBUG_INFO = YES;
				ONLY_ACTIVE_ARCH = YES;
				SDKROOT = iphoneos;
				SWIFT_ACTIVE_COMPILATION_CONDITIONS = DEBUG;
				SWIFT_OPTIMIZATION_LEVEL = "-Onone";
			};
			name = Debug;
		};
		046A3DE91FBC0A3F008D4391 /* Release */ = {
			isa = XCBuildConfiguration;
			buildSettings = {
				ALWAYS_SEARCH_USER_PATHS = NO;
				CLANG_ANALYZER_NONNULL = YES;
				CLANG_ANALYZER_NUMBER_OBJECT_CONVERSION = YES_AGGRESSIVE;
				CLANG_CXX_LANGUAGE_STANDARD = "gnu++14";
				CLANG_CXX_LIBRARY = "libc++";
				CLANG_ENABLE_MODULES = YES;
				CLANG_ENABLE_OBJC_ARC = YES;
				CLANG_WARN_BLOCK_CAPTURE_AUTORELEASING = YES;
				CLANG_WARN_BOOL_CONVERSION = YES;
				CLANG_WARN_COMMA = YES;
				CLANG_WARN_CONSTANT_CONVERSION = YES;
				CLANG_WARN_DIRECT_OBJC_ISA_USAGE = YES_ERROR;
				CLANG_WARN_DOCUMENTATION_COMMENTS = YES;
				CLANG_WARN_EMPTY_BODY = YES;
				CLANG_WARN_ENUM_CONVERSION = YES;
				CLANG_WARN_INFINITE_RECURSION = YES;
				CLANG_WARN_INT_CONVERSION = YES;
				CLANG_WARN_NON_LITERAL_NULL_CONVERSION = YES;
				CLANG_WARN_OBJC_LITERAL_CONVERSION = YES;
				CLANG_WARN_OBJC_ROOT_CLASS = YES_ERROR;
				CLANG_WARN_RANGE_LOOP_ANALYSIS = YES;
				CLANG_WARN_STRICT_PROTOTYPES = YES;
				CLANG_WARN_SUSPICIOUS_MOVE = YES;
				CLANG_WARN_UNGUARDED_AVAILABILITY = YES_AGGRESSIVE;
				CLANG_WARN_UNREACHABLE_CODE = YES;
				CLANG_WARN__DUPLICATE_METHOD_MATCH = YES;
				CODE_SIGN_IDENTITY = "iPhone Developer";
				COPY_PHASE_STRIP = NO;
				DEBUG_INFORMATION_FORMAT = "dwarf-with-dsym";
				ENABLE_NS_ASSERTIONS = NO;
				ENABLE_STRICT_OBJC_MSGSEND = YES;
				GCC_C_LANGUAGE_STANDARD = gnu11;
				GCC_NO_COMMON_BLOCKS = YES;
				GCC_WARN_64_TO_32_BIT_CONVERSION = YES;
				GCC_WARN_ABOUT_RETURN_TYPE = YES_ERROR;
				GCC_WARN_UNDECLARED_SELECTOR = YES;
				GCC_WARN_UNINITIALIZED_AUTOS = YES_AGGRESSIVE;
				GCC_WARN_UNUSED_FUNCTION = YES;
				GCC_WARN_UNUSED_VARIABLE = YES;
				IPHONEOS_DEPLOYMENT_TARGET = 11.1;
				MTL_ENABLE_DEBUG_INFO = NO;
				SDKROOT = iphoneos;
				SWIFT_OPTIMIZATION_LEVEL = "-Owholemodule";
				VALIDATE_PRODUCT = YES;
			};
			name = Release;
		};
		046A3DEB1FBC0A3F008D4391 /* Debug */ = {
			isa = XCBuildConfiguration;
			buildSettings = {
				ASSETCATALOG_COMPILER_APPICON_NAME = AppIcon;
				CODE_SIGN_STYLE = Automatic;
				DEVELOPMENT_TEAM = G4MM77V7NH;
				INFOPLIST_FILE = "17-11-15-NetWork-openWeatherMap/Info.plist";
				LD_RUNPATH_SEARCH_PATHS = "$(inherited) @executable_path/Frameworks";
				PRODUCT_BUNDLE_IDENTIFIER = "Oraganization.-7-11-15-NetWork-openWeatherMap";
				PRODUCT_NAME = "$(TARGET_NAME)";
				SWIFT_VERSION = 4.0;
				TARGETED_DEVICE_FAMILY = "1,2";
			};
			name = Debug;
		};
		046A3DEC1FBC0A3F008D4391 /* Release */ = {
			isa = XCBuildConfiguration;
			buildSettings = {
				ASSETCATALOG_COMPILER_APPICON_NAME = AppIcon;
				CODE_SIGN_STYLE = Automatic;
				DEVELOPMENT_TEAM = G4MM77V7NH;
				INFOPLIST_FILE = "17-11-15-NetWork-openWeatherMap/Info.plist";
				LD_RUNPATH_SEARCH_PATHS = "$(inherited) @executable_path/Frameworks";
				PRODUCT_BUNDLE_IDENTIFIER = "Oraganization.-7-11-15-NetWork-openWeatherMap";
				PRODUCT_NAME = "$(TARGET_NAME)";
				SWIFT_VERSION = 4.0;
				TARGETED_DEVICE_FAMILY = "1,2";
			};
			name = Release;
		};
/* End XCBuildConfiguration section */

/* Begin XCConfigurationList section */
		046A3DD31FBC0A3F008D4391 /* Build configuration list for PBXProject "17-11-15-NetWork-openWeatherMap" */ = {
			isa = XCConfigurationList;
			buildConfigurations = (
				046A3DE81FBC0A3F008D4391 /* Debug */,
				046A3DE91FBC0A3F008D4391 /* Release */,
			);
			defaultConfigurationIsVisible = 0;
			defaultConfigurationName = Release;
		};
		046A3DEA1FBC0A3F008D4391 /* Build configuration list for PBXNativeTarget "17-11-15-NetWork-openWeatherMap" */ = {
			isa = XCConfigurationList;
			buildConfigurations = (
				046A3DEB1FBC0A3F008D4391 /* Debug */,
				046A3DEC1FBC0A3F008D4391 /* Release */,
			);
			defaultConfigurationIsVisible = 0;
			defaultConfigurationName = Release;
		};
/* End XCConfigurationList section */
	};
	rootObject = 046A3DD01FBC0A3F008D4391 /* Project object */;
}
