// !$*UTF8*$!
{
	archiveVersion = 1;
	classes = {
	};
	objectVersion = 46;
	objects = {

/* Begin PBXBuildFile section */
		044D8A3B1F73481A00E6CCC0 /* AppDelegate.swift in Sources */ = {isa = PBXBuildFile; fileRef = 044D8A3A1F73481A00E6CCC0 /* AppDelegate.swift */; };
		044D8A3D1F73481A00E6CCC0 /* ViewController.swift in Sources */ = {isa = PBXBuildFile; fileRef = 044D8A3C1F73481A00E6CCC0 /* ViewController.swift */; };
		044D8A401F73481A00E6CCC0 /* Main.storyboard in Resources */ = {isa = PBXBuildFile; fileRef = 044D8A3E1F73481A00E6CCC0 /* Main.storyboard */; };
		044D8A421F73481A00E6CCC0 /* Assets.xcassets in Resources */ = {isa = PBXBuildFile; fileRef = 044D8A411F73481A00E6CCC0 /* Assets.xcassets */; };
		044D8A451F73481A00E6CCC0 /* LaunchScreen.storyboard in Resources */ = {isa = PBXBuildFile; fileRef = 044D8A431F73481A00E6CCC0 /* LaunchScreen.storyboard */; };
/* End PBXBuildFile section */

/* Begin PBXFileReference section */
		044D8A371F73481A00E6CCC0 /* baseballGame.app */ = {isa = PBXFileReference; explicitFileType = wrapper.application; includeInIndex = 0; path = baseballGame.app; sourceTree = BUILT_PRODUCTS_DIR; };
		044D8A3A1F73481A00E6CCC0 /* AppDelegate.swift */ = {isa = PBXFileReference; lastKnownFileType = sourcecode.swift; path = AppDelegate.swift; sourceTree = "<group>"; };
		044D8A3C1F73481A00E6CCC0 /* ViewController.swift */ = {isa = PBXFileReference; lastKnownFileType = sourcecode.swift; path = ViewController.swift; sourceTree = "<group>"; };
		044D8A3F1F73481A00E6CCC0 /* Base */ = {isa = PBXFileReference; lastKnownFileType = file.storyboard; name = Base; path = Base.lproj/Main.storyboard; sourceTree = "<group>"; };
		044D8A411F73481A00E6CCC0 /* Assets.xcassets */ = {isa = PBXFileReference; lastKnownFileType = folder.assetcatalog; path = Assets.xcassets; sourceTree = "<group>"; };
		044D8A441F73481A00E6CCC0 /* Base */ = {isa = PBXFileReference; lastKnownFileType = file.storyboard; name = Base; path = Base.lproj/LaunchScreen.storyboard; sourceTree = "<group>"; };
		044D8A461F73481A00E6CCC0 /* Info.plist */ = {isa = PBXFileReference; lastKnownFileType = text.plist.xml; path = Info.plist; sourceTree = "<group>"; };
/* End PBXFileReference section */

/* Begin PBXFrameworksBuildPhase section */
		044D8A341F73481A00E6CCC0 /* Frameworks */ = {
			isa = PBXFrameworksBuildPhase;
			buildActionMask = 2147483647;
			files = (
			);
			runOnlyForDeploymentPostprocessing = 0;
		};
/* End PBXFrameworksBuildPhase section */

/* Begin PBXGroup section */
		044D8A2E1F73481A00E6CCC0 = {
			isa = PBXGroup;
			children = (
				044D8A391F73481A00E6CCC0 /* baseballGame */,
				044D8A381F73481A00E6CCC0 /* Products */,
			);
			sourceTree = "<group>";
		};
		044D8A381F73481A00E6CCC0 /* Products */ = {
			isa = PBXGroup;
			children = (
				044D8A371F73481A00E6CCC0 /* baseballGame.app */,
			);
			name = Products;
			sourceTree = "<group>";
		};
		044D8A391F73481A00E6CCC0 /* baseballGame */ = {
			isa = PBXGroup;
			children = (
				044D8A3A1F73481A00E6CCC0 /* AppDelegate.swift */,
				044D8A3C1F73481A00E6CCC0 /* ViewController.swift */,
				044D8A3E1F73481A00E6CCC0 /* Main.storyboard */,
				044D8A411F73481A00E6CCC0 /* Assets.xcassets */,
				044D8A431F73481A00E6CCC0 /* LaunchScreen.storyboard */,
				044D8A461F73481A00E6CCC0 /* Info.plist */,
			);
			path = baseballGame;
			sourceTree = "<group>";
		};
/* End PBXGroup section */

/* Begin PBXNativeTarget section */
		044D8A361F73481A00E6CCC0 /* baseballGame */ = {
			isa = PBXNativeTarget;
			buildConfigurationList = 044D8A491F73481A00E6CCC0 /* Build configuration list for PBXNativeTarget "baseballGame" */;
			buildPhases = (
				044D8A331F73481A00E6CCC0 /* Sources */,
				044D8A341F73481A00E6CCC0 /* Frameworks */,
				044D8A351F73481A00E6CCC0 /* Resources */,
			);
			buildRules = (
			);
			dependencies = (
			);
			name = baseballGame;
			productName = baseballGame;
			productReference = 044D8A371F73481A00E6CCC0 /* baseballGame.app */;
			productType = "com.apple.product-type.application";
		};
/* End PBXNativeTarget section */

/* Begin PBXProject section */
		044D8A2F1F73481A00E6CCC0 /* Project object */ = {
			isa = PBXProject;
			attributes = {
				LastSwiftUpdateCheck = 0830;
				LastUpgradeCheck = 0830;
				ORGANIZATIONNAME = "MIN JUN JU";
				TargetAttributes = {
					044D8A361F73481A00E6CCC0 = {
						CreatedOnToolsVersion = 8.3.3;
						ProvisioningStyle = Automatic;
					};
				};
			};
			buildConfigurationList = 044D8A321F73481A00E6CCC0 /* Build configuration list for PBXProject "baseballGame" */;
			compatibilityVersion = "Xcode 3.2";
			developmentRegion = English;
			hasScannedForEncodings = 0;
			knownRegions = (
				en,
				Base,
			);
			mainGroup = 044D8A2E1F73481A00E6CCC0;
			productRefGroup = 044D8A381F73481A00E6CCC0 /* Products */;
			projectDirPath = "";
			projectRoot = "";
			targets = (
				044D8A361F73481A00E6CCC0 /* baseballGame */,
			);
		};
/* End PBXProject section */

/* Begin PBXResourcesBuildPhase section */
		044D8A351F73481A00E6CCC0 /* Resources */ = {
			isa = PBXResourcesBuildPhase;
			buildActionMask = 2147483647;
			files = (
				044D8A451F73481A00E6CCC0 /* LaunchScreen.storyboard in Resources */,
				044D8A421F73481A00E6CCC0 /* Assets.xcassets in Resources */,
				044D8A401F73481A00E6CCC0 /* Main.storyboard in Resources */,
			);
			runOnlyForDeploymentPostprocessing = 0;
		};
/* End PBXResourcesBuildPhase section */

/* Begin PBXSourcesBuildPhase section */
		044D8A331F73481A00E6CCC0 /* Sources */ = {
			isa = PBXSourcesBuildPhase;
			buildActionMask = 2147483647;
			files = (
				044D8A3D1F73481A00E6CCC0 /* ViewController.swift in Sources */,
				044D8A3B1F73481A00E6CCC0 /* AppDelegate.swift in Sources */,
			);
			runOnlyForDeploymentPostprocessing = 0;
		};
/* End PBXSourcesBuildPhase section */

/* Begin PBXVariantGroup section */
		044D8A3E1F73481A00E6CCC0 /* Main.storyboard */ = {
			isa = PBXVariantGroup;
			children = (
				044D8A3F1F73481A00E6CCC0 /* Base */,
			);
			name = Main.storyboard;
			sourceTree = "<group>";
		};
		044D8A431F73481A00E6CCC0 /* LaunchScreen.storyboard */ = {
			isa = PBXVariantGroup;
			children = (
				044D8A441F73481A00E6CCC0 /* Base */,
			);
			name = LaunchScreen.storyboard;
			sourceTree = "<group>";
		};
/* End PBXVariantGroup section */

/* Begin XCBuildConfiguration section */
		044D8A471F73481A00E6CCC0 /* Debug */ = {
			isa = XCBuildConfiguration;
			buildSettings = {
				ALWAYS_SEARCH_USER_PATHS = NO;
				CLANG_ANALYZER_NONNULL = YES;
				CLANG_ANALYZER_NUMBER_OBJECT_CONVERSION = YES_AGGRESSIVE;
				CLANG_CXX_LANGUAGE_STANDARD = "gnu++0x";
				CLANG_CXX_LIBRARY = "libc++";
				CLANG_ENABLE_MODULES = YES;
				CLANG_ENABLE_OBJC_ARC = YES;
				CLANG_WARN_BOOL_CONVERSION = YES;
				CLANG_WARN_CONSTANT_CONVERSION = YES;
				CLANG_WARN_DIRECT_OBJC_ISA_USAGE = YES_ERROR;
				CLANG_WARN_DOCUMENTATION_COMMENTS = YES;
				CLANG_WARN_EMPTY_BODY = YES;
				CLANG_WARN_ENUM_CONVERSION = YES;
				CLANG_WARN_INFINITE_RECURSION = YES;
				CLANG_WARN_INT_CONVERSION = YES;
				CLANG_WARN_OBJC_ROOT_CLASS = YES_ERROR;
				CLANG_WARN_SUSPICIOUS_MOVE = YES;
				CLANG_WARN_UNREACHABLE_CODE = YES;
				CLANG_WARN__DUPLICATE_METHOD_MATCH = YES;
				"CODE_SIGN_IDENTITY[sdk=iphoneos*]" = "iPhone Developer";
				COPY_PHASE_STRIP = NO;
				DEBUG_INFORMATION_FORMAT = dwarf;
				ENABLE_STRICT_OBJC_MSGSEND = YES;
				ENABLE_TESTABILITY = YES;
				GCC_C_LANGUAGE_STANDARD = gnu99;
				GCC_DYNAMIC_NO_PIC = NO;
				GCC_NO_COMMON_BLOCKS = YES;
				GCC_OPTIMIZATION_LEVEL = 0;
				GCC_PREPROCESSOR_DEFINITIONS = (
					"DEBUG=1",
					"$(inherited)",
				);
				GCC_WARN_64_TO_32_BIT_CONVERSION = YES;
				GCC_WARN_ABOUT_RETURN_TYPE = YES_ERROR;
				GCC_WARN_UNDECLARED_SELECTOR = YES;
				GCC_WARN_UNINITIALIZED_AUTOS = YES_AGGRESSIVE;
				GCC_WARN_UNUSED_FUNCTION = YES;
				GCC_WARN_UNUSED_VARIABLE = YES;
				IPHONEOS_DEPLOYMENT_TARGET = 10.3;
				MTL_ENABLE_DEBUG_INFO = YES;
				ONLY_ACTIVE_ARCH = YES;
				SDKROOT = iphoneos;
				SWIFT_ACTIVE_COMPILATION_CONDITIONS = DEBUG;
				SWIFT_OPTIMIZATION_LEVEL = "-Onone";
			};
			name = Debug;
		};
		044D8A481F73481A00E6CCC0 /* Release */ = {
			isa = XCBuildConfiguration;
			buildSettings = {
				ALWAYS_SEARCH_USER_PATHS = NO;
				CLANG_ANALYZER_NONNULL = YES;
				CLANG_ANALYZER_NUMBER_OBJECT_CONVERSION = YES_AGGRESSIVE;
				CLANG_CXX_LANGUAGE_STANDARD = "gnu++0x";
				CLANG_CXX_LIBRARY = "libc++";
				CLANG_ENABLE_MODULES = YES;
				CLANG_ENABLE_OBJC_ARC = YES;
				CLANG_WARN_BOOL_CONVERSION = YES;
				CLANG_WARN_CONSTANT_CONVERSION = YES;
				CLANG_WARN_DIRECT_OBJC_ISA_USAGE = YES_ERROR;
				CLANG_WARN_DOCUMENTATION_COMMENTS = YES;
				CLANG_WARN_EMPTY_BODY = YES;
				CLANG_WARN_ENUM_CONVERSION = YES;
				CLANG_WARN_INFINITE_RECURSION = YES;
				CLANG_WARN_INT_CONVERSION = YES;
				CLANG_WARN_OBJC_ROOT_CLASS = YES_ERROR;
				CLANG_WARN_SUSPICIOUS_MOVE = YES;
				CLANG_WARN_UNREACHABLE_CODE = YES;
				CLANG_WARN__DUPLICATE_METHOD_MATCH = YES;
				"CODE_SIGN_IDENTITY[sdk=iphoneos*]" = "iPhone Developer";
				COPY_PHASE_STRIP = NO;
				DEBUG_INFORMATION_FORMAT = "dwarf-with-dsym";
				ENABLE_NS_ASSERTIONS = NO;
				ENABLE_STRICT_OBJC_MSGSEND = YES;
				GCC_C_LANGUAGE_STANDARD = gnu99;
				GCC_NO_COMMON_BLOCKS = YES;
				GCC_WARN_64_TO_32_BIT_CONVERSION = YES;
				GCC_WARN_ABOUT_RETURN_TYPE = YES_ERROR;
				GCC_WARN_UNDECLARED_SELECTOR = YES;
				GCC_WARN_UNINITIALIZED_AUTOS = YES_AGGRESSIVE;
				GCC_WARN_UNUSED_FUNCTION = YES;
				GCC_WARN_UNUSED_VARIABLE = YES;
				IPHONEOS_DEPLOYMENT_TARGET = 10.3;
				MTL_ENABLE_DEBUG_INFO = NO;
				SDKROOT = iphoneos;
				SWIFT_OPTIMIZATION_LEVEL = "-Owholemodule";
				VALIDATE_PRODUCT = YES;
			};
			name = Release;
		};
		044D8A4A1F73481A00E6CCC0 /* Debug */ = {
			isa = XCBuildConfiguration;
			buildSettings = {
				ASSETCATALOG_COMPILER_APPICON_NAME = AppIcon;
				INFOPLIST_FILE = baseballGame/Info.plist;
				LD_RUNPATH_SEARCH_PATHS = "$(inherited) @executable_path/Frameworks";
				PRODUCT_BUNDLE_IDENTIFIER = Oraganization.baseballGame;
				PRODUCT_NAME = "$(TARGET_NAME)";
				SWIFT_VERSION = 3.0;
			};
			name = Debug;
		};
		044D8A4B1F73481A00E6CCC0 /* Release */ = {
			isa = XCBuildConfiguration;
			buildSettings = {
				ASSETCATALOG_COMPILER_APPICON_NAME = AppIcon;
				INFOPLIST_FILE = baseballGame/Info.plist;
				LD_RUNPATH_SEARCH_PATHS = "$(inherited) @executable_path/Frameworks";
				PRODUCT_BUNDLE_IDENTIFIER = Oraganization.baseballGame;
				PRODUCT_NAME = "$(TARGET_NAME)";
				SWIFT_VERSION = 3.0;
			};
			name = Release;
		};
/* End XCBuildConfiguration section */

/* Begin XCConfigurationList section */
		044D8A321F73481A00E6CCC0 /* Build configuration list for PBXProject "baseballGame" */ = {
			isa = XCConfigurationList;
			buildConfigurations = (
				044D8A471F73481A00E6CCC0 /* Debug */,
				044D8A481F73481A00E6CCC0 /* Release */,
			);
			defaultConfigurationIsVisible = 0;
			defaultConfigurationName = Release;
		};
		044D8A491F73481A00E6CCC0 /* Build configuration list for PBXNativeTarget "baseballGame" */ = {
			isa = XCConfigurationList;
			buildConfigurations = (
				044D8A4A1F73481A00E6CCC0 /* Debug */,
				044D8A4B1F73481A00E6CCC0 /* Release */,
			);
			defaultConfigurationIsVisible = 0;
		};
/* End XCConfigurationList section */
	};
	rootObject = 044D8A2F1F73481A00E6CCC0 /* Project object */;
}
