// !$*UTF8*$!
{
	archiveVersion = 1;
	classes = {
	};
	objectVersion = 48;
	objects = {

/* Begin PBXBuildFile section */
		9B0D9D071FAAC4A700F42682 /* SJUserDataModel.swift in Sources */ = {isa = PBXBuildFile; fileRef = 9B0D9D051FAAC4A700F42682 /* SJUserDataModel.swift */; };
		9B0D9D081FAAC4A700F42682 /* SJQuestionDataModel.swift in Sources */ = {isa = PBXBuildFile; fileRef = 9B0D9D061FAAC4A700F42682 /* SJQuestionDataModel.swift */; };
		9B0D9D0A1FAAC4CD00F42682 /* ResultViewController.swift in Sources */ = {isa = PBXBuildFile; fileRef = 9B0D9D091FAAC4CD00F42682 /* ResultViewController.swift */; };
		9B0D9D0C1FAACBA300F42682 /* Coordinates.swift in Sources */ = {isa = PBXBuildFile; fileRef = 9B0D9D0B1FAACBA300F42682 /* Coordinates.swift */; };
		9B0D9D0D1FAAE1FB00F42682 /* resultList.plist in Resources */ = {isa = PBXBuildFile; fileRef = F0EE34521FAA158E003DA080 /* resultList.plist */; };
		9B0D9D0F1FAAEA0E00F42682 /* Extensions.swift in Sources */ = {isa = PBXBuildFile; fileRef = 9B0D9D0E1FAAEA0E00F42682 /* Extensions.swift */; };
		9B2EF0641FAB0EBA00E44962 /* Info.plist in Resources */ = {isa = PBXBuildFile; fileRef = F0EE344B1FAA1418003DA080 /* Info.plist */; };
		F0EE34401FAA1418003DA080 /* AppDelegate.swift in Sources */ = {isa = PBXBuildFile; fileRef = F0EE343F1FAA1418003DA080 /* AppDelegate.swift */; };
		F0EE34421FAA1418003DA080 /* ViewController.swift in Sources */ = {isa = PBXBuildFile; fileRef = F0EE34411FAA1418003DA080 /* ViewController.swift */; };
		F0EE34451FAA1418003DA080 /* Main.storyboard in Resources */ = {isa = PBXBuildFile; fileRef = F0EE34431FAA1418003DA080 /* Main.storyboard */; };
		F0EE34471FAA1418003DA080 /* Assets.xcassets in Resources */ = {isa = PBXBuildFile; fileRef = F0EE34461FAA1418003DA080 /* Assets.xcassets */; };
		F0EE344A1FAA1418003DA080 /* LaunchScreen.storyboard in Resources */ = {isa = PBXBuildFile; fileRef = F0EE34481FAA1418003DA080 /* LaunchScreen.storyboard */; };
		F0EE345E1FAADD79003DA080 /* SD_MultipleChoiceViewController.swift in Sources */ = {isa = PBXBuildFile; fileRef = F0EE345D1FAADD79003DA080 /* SD_MultipleChoiceViewController.swift */; };
		F0FAA8F91FAAF0D400014555 /* SD_QuestionCell.swift in Sources */ = {isa = PBXBuildFile; fileRef = F0FAA8F81FAAF0D400014555 /* SD_QuestionCell.swift */; };
		F0FAA8FB1FAAFC3E00014555 /* exampleList.plist in Resources */ = {isa = PBXBuildFile; fileRef = F0EE34511FAA158E003DA080 /* exampleList.plist */; };
		F0FAA9101FAB066F00014555 /* Util.swift in Sources */ = {isa = PBXBuildFile; fileRef = F0FAA90F1FAB066F00014555 /* Util.swift */; };
/* End PBXBuildFile section */

/* Begin PBXFileReference section */
		9B0D9D051FAAC4A700F42682 /* SJUserDataModel.swift */ = {isa = PBXFileReference; lastKnownFileType = sourcecode.swift; path = SJUserDataModel.swift; sourceTree = "<group>"; };
		9B0D9D061FAAC4A700F42682 /* SJQuestionDataModel.swift */ = {isa = PBXFileReference; lastKnownFileType = sourcecode.swift; path = SJQuestionDataModel.swift; sourceTree = "<group>"; };
		9B0D9D091FAAC4CD00F42682 /* ResultViewController.swift */ = {isa = PBXFileReference; lastKnownFileType = sourcecode.swift; path = ResultViewController.swift; sourceTree = "<group>"; };
		9B0D9D0B1FAACBA300F42682 /* Coordinates.swift */ = {isa = PBXFileReference; lastKnownFileType = sourcecode.swift; path = Coordinates.swift; sourceTree = "<group>"; };
		9B0D9D0E1FAAEA0E00F42682 /* Extensions.swift */ = {isa = PBXFileReference; lastKnownFileType = sourcecode.swift; path = Extensions.swift; sourceTree = "<group>"; };
		F0EE343C1FAA1418003DA080 /* SemiHackathon.app */ = {isa = PBXFileReference; explicitFileType = wrapper.application; includeInIndex = 0; path = SemiHackathon.app; sourceTree = BUILT_PRODUCTS_DIR; };
		F0EE343F1FAA1418003DA080 /* AppDelegate.swift */ = {isa = PBXFileReference; lastKnownFileType = sourcecode.swift; path = AppDelegate.swift; sourceTree = "<group>"; };
		F0EE34411FAA1418003DA080 /* ViewController.swift */ = {isa = PBXFileReference; lastKnownFileType = sourcecode.swift; path = ViewController.swift; sourceTree = "<group>"; };
		F0EE34441FAA1418003DA080 /* Base */ = {isa = PBXFileReference; lastKnownFileType = file.storyboard; name = Base; path = Base.lproj/Main.storyboard; sourceTree = "<group>"; };
		F0EE34461FAA1418003DA080 /* Assets.xcassets */ = {isa = PBXFileReference; lastKnownFileType = folder.assetcatalog; path = Assets.xcassets; sourceTree = "<group>"; };
		F0EE34491FAA1418003DA080 /* Base */ = {isa = PBXFileReference; lastKnownFileType = file.storyboard; name = Base; path = Base.lproj/LaunchScreen.storyboard; sourceTree = "<group>"; };
		F0EE344B1FAA1418003DA080 /* Info.plist */ = {isa = PBXFileReference; lastKnownFileType = text.plist.xml; path = Info.plist; sourceTree = "<group>"; };
		F0EE34511FAA158E003DA080 /* exampleList.plist */ = {isa = PBXFileReference; lastKnownFileType = text.plist.xml; path = exampleList.plist; sourceTree = "<group>"; };
		F0EE34521FAA158E003DA080 /* resultList.plist */ = {isa = PBXFileReference; lastKnownFileType = text.plist.xml; path = resultList.plist; sourceTree = "<group>"; };
		F0EE345D1FAADD79003DA080 /* SD_MultipleChoiceViewController.swift */ = {isa = PBXFileReference; lastKnownFileType = sourcecode.swift; path = SD_MultipleChoiceViewController.swift; sourceTree = "<group>"; };
		F0FAA8F81FAAF0D400014555 /* SD_QuestionCell.swift */ = {isa = PBXFileReference; lastKnownFileType = sourcecode.swift; path = SD_QuestionCell.swift; sourceTree = "<group>"; };
		F0FAA90F1FAB066F00014555 /* Util.swift */ = {isa = PBXFileReference; lastKnownFileType = sourcecode.swift; path = Util.swift; sourceTree = "<group>"; };
/* End PBXFileReference section */

/* Begin PBXFrameworksBuildPhase section */
		F0EE34391FAA1418003DA080 /* Frameworks */ = {
			isa = PBXFrameworksBuildPhase;
			buildActionMask = 2147483647;
			files = (
			);
			runOnlyForDeploymentPostprocessing = 0;
		};
/* End PBXFrameworksBuildPhase section */

/* Begin PBXGroup section */
		F0EE34331FAA1418003DA080 = {
			isa = PBXGroup;
			children = (
				F0EE343E1FAA1418003DA080 /* SemiHackathon */,
				F0EE343D1FAA1418003DA080 /* Products */,
			);
			sourceTree = "<group>";
		};
		F0EE343D1FAA1418003DA080 /* Products */ = {
			isa = PBXGroup;
			children = (
				F0EE343C1FAA1418003DA080 /* SemiHackathon.app */,
			);
			name = Products;
			sourceTree = "<group>";
		};
		F0EE343E1FAA1418003DA080 /* SemiHackathon */ = {
			isa = PBXGroup;
			children = (
				F0EE343F1FAA1418003DA080 /* AppDelegate.swift */,
				F0EE34411FAA1418003DA080 /* ViewController.swift */,
				F0EE34431FAA1418003DA080 /* Main.storyboard */,
				F0FAA8FA1FAAF71C00014555 /* MultipleChoiceQuestion */,
				F0EE34461FAA1418003DA080 /* Assets.xcassets */,
				F0EE34481FAA1418003DA080 /* LaunchScreen.storyboard */,
				F0EE344B1FAA1418003DA080 /* Info.plist */,
				F0FAA90F1FAB066F00014555 /* Util.swift */,
				F0EE34511FAA158E003DA080 /* exampleList.plist */,
				9B0D9D061FAAC4A700F42682 /* SJQuestionDataModel.swift */,
				9B0D9D051FAAC4A700F42682 /* SJUserDataModel.swift */,
				F0EE34521FAA158E003DA080 /* resultList.plist */,
				9B0D9D091FAAC4CD00F42682 /* ResultViewController.swift */,
				9B0D9D0B1FAACBA300F42682 /* Coordinates.swift */,
				9B0D9D0E1FAAEA0E00F42682 /* Extensions.swift */,
			);
			path = SemiHackathon;
			sourceTree = "<group>";
		};
		F0FAA8FA1FAAF71C00014555 /* MultipleChoiceQuestion */ = {
			isa = PBXGroup;
			children = (
				F0FAA8F81FAAF0D400014555 /* SD_QuestionCell.swift */,
				F0EE345D1FAADD79003DA080 /* SD_MultipleChoiceViewController.swift */,
			);
			path = MultipleChoiceQuestion;
			sourceTree = "<group>";
		};
/* End PBXGroup section */

/* Begin PBXNativeTarget section */
		F0EE343B1FAA1418003DA080 /* SemiHackathon */ = {
			isa = PBXNativeTarget;
			buildConfigurationList = F0EE344E1FAA1418003DA080 /* Build configuration list for PBXNativeTarget "SemiHackathon" */;
			buildPhases = (
				F0EE34381FAA1418003DA080 /* Sources */,
				F0EE34391FAA1418003DA080 /* Frameworks */,
				F0EE343A1FAA1418003DA080 /* Resources */,
			);
			buildRules = (
			);
			dependencies = (
			);
			name = SemiHackathon;
			productName = SemiHackathon;
			productReference = F0EE343C1FAA1418003DA080 /* SemiHackathon.app */;
			productType = "com.apple.product-type.application";
		};
/* End PBXNativeTarget section */

/* Begin PBXProject section */
		F0EE34341FAA1418003DA080 /* Project object */ = {
			isa = PBXProject;
			attributes = {
				LastSwiftUpdateCheck = 0900;
				LastUpgradeCheck = 0900;
				ORGANIZATIONNAME = esung;
				TargetAttributes = {
					F0EE343B1FAA1418003DA080 = {
						CreatedOnToolsVersion = 9.0;
						ProvisioningStyle = Automatic;
					};
				};
			};
			buildConfigurationList = F0EE34371FAA1418003DA080 /* Build configuration list for PBXProject "SemiHackathon" */;
			compatibilityVersion = "Xcode 8.0";
			developmentRegion = en;
			hasScannedForEncodings = 0;
			knownRegions = (
				en,
				Base,
			);
			mainGroup = F0EE34331FAA1418003DA080;
			productRefGroup = F0EE343D1FAA1418003DA080 /* Products */;
			projectDirPath = "";
			projectRoot = "";
			targets = (
				F0EE343B1FAA1418003DA080 /* SemiHackathon */,
			);
		};
/* End PBXProject section */

/* Begin PBXResourcesBuildPhase section */
		F0EE343A1FAA1418003DA080 /* Resources */ = {
			isa = PBXResourcesBuildPhase;
			buildActionMask = 2147483647;
			files = (
				F0FAA8FB1FAAFC3E00014555 /* exampleList.plist in Resources */,
				F0EE344A1FAA1418003DA080 /* LaunchScreen.storyboard in Resources */,
				9B2EF0641FAB0EBA00E44962 /* Info.plist in Resources */,
				9B0D9D0D1FAAE1FB00F42682 /* resultList.plist in Resources */,
				F0EE34471FAA1418003DA080 /* Assets.xcassets in Resources */,
				F0EE34451FAA1418003DA080 /* Main.storyboard in Resources */,
			);
			runOnlyForDeploymentPostprocessing = 0;
		};
/* End PBXResourcesBuildPhase section */

/* Begin PBXSourcesBuildPhase section */
		F0EE34381FAA1418003DA080 /* Sources */ = {
			isa = PBXSourcesBuildPhase;
			buildActionMask = 2147483647;
			files = (
				9B0D9D0A1FAAC4CD00F42682 /* ResultViewController.swift in Sources */,
				9B0D9D081FAAC4A700F42682 /* SJQuestionDataModel.swift in Sources */,
				F0EE345E1FAADD79003DA080 /* SD_MultipleChoiceViewController.swift in Sources */,
				F0EE34421FAA1418003DA080 /* ViewController.swift in Sources */,
				9B0D9D0C1FAACBA300F42682 /* Coordinates.swift in Sources */,
				F0FAA8F91FAAF0D400014555 /* SD_QuestionCell.swift in Sources */,
				F0EE34401FAA1418003DA080 /* AppDelegate.swift in Sources */,
				F0FAA9101FAB066F00014555 /* Util.swift in Sources */,
				9B0D9D071FAAC4A700F42682 /* SJUserDataModel.swift in Sources */,
				9B0D9D0F1FAAEA0E00F42682 /* Extensions.swift in Sources */,
			);
			runOnlyForDeploymentPostprocessing = 0;
		};
/* End PBXSourcesBuildPhase section */

/* Begin PBXVariantGroup section */
		F0EE34431FAA1418003DA080 /* Main.storyboard */ = {
			isa = PBXVariantGroup;
			children = (
				F0EE34441FAA1418003DA080 /* Base */,
			);
			name = Main.storyboard;
			sourceTree = "<group>";
		};
		F0EE34481FAA1418003DA080 /* LaunchScreen.storyboard */ = {
			isa = PBXVariantGroup;
			children = (
				F0EE34491FAA1418003DA080 /* Base */,
			);
			name = LaunchScreen.storyboard;
			sourceTree = "<group>";
		};
/* End PBXVariantGroup section */

/* Begin XCBuildConfiguration section */
		F0EE344C1FAA1418003DA080 /* Debug */ = {
			isa = XCBuildConfiguration;
			buildSettings = {
				ALWAYS_SEARCH_USER_PATHS = NO;
				CLANG_ANALYZER_NONNULL = YES;
				CLANG_ANALYZER_NUMBER_OBJECT_CONVERSION = YES_AGGRESSIVE;
				CLANG_CXX_LANGUAGE_STANDARD = "gnu++14";
				CLANG_CXX_LIBRARY = "libc++";
				CLANG_ENABLE_MODULES = YES;
				CLANG_ENABLE_OBJC_ARC = YES;
				CLANG_WARN_BLOCK_CAPTURE_AUTORELEASING = YES;
				CLANG_WARN_BOOL_CONVERSION = YES;
				CLANG_WARN_COMMA = YES;
				CLANG_WARN_CONSTANT_CONVERSION = YES;
				CLANG_WARN_DIRECT_OBJC_ISA_USAGE = YES_ERROR;
				CLANG_WARN_DOCUMENTATION_COMMENTS = YES;
				CLANG_WARN_EMPTY_BODY = YES;
				CLANG_WARN_ENUM_CONVERSION = YES;
				CLANG_WARN_INFINITE_RECURSION = YES;
				CLANG_WARN_INT_CONVERSION = YES;
				CLANG_WARN_NON_LITERAL_NULL_CONVERSION = YES;
				CLANG_WARN_OBJC_LITERAL_CONVERSION = YES;
				CLANG_WARN_OBJC_ROOT_CLASS = YES_ERROR;
				CLANG_WARN_RANGE_LOOP_ANALYSIS = YES;
				CLANG_WARN_STRICT_PROTOTYPES = YES;
				CLANG_WARN_SUSPICIOUS_MOVE = YES;
				CLANG_WARN_UNGUARDED_AVAILABILITY = YES_AGGRESSIVE;
				CLANG_WARN_UNREACHABLE_CODE = YES;
				CLANG_WARN__DUPLICATE_METHOD_MATCH = YES;
				CODE_SIGN_IDENTITY = "iPhone Developer";
				COPY_PHASE_STRIP = NO;
				DEBUG_INFORMATION_FORMAT = dwarf;
				ENABLE_STRICT_OBJC_MSGSEND = YES;
				ENABLE_TESTABILITY = YES;
				GCC_C_LANGUAGE_STANDARD = gnu11;
				GCC_DYNAMIC_NO_PIC = NO;
				GCC_NO_COMMON_BLOCKS = YES;
				GCC_OPTIMIZATION_LEVEL = 0;
				GCC_PREPROCESSOR_DEFINITIONS = (
					"DEBUG=1",
					"$(inherited)",
				);
				GCC_WARN_64_TO_32_BIT_CONVERSION = YES;
				GCC_WARN_ABOUT_RETURN_TYPE = YES_ERROR;
				GCC_WARN_UNDECLARED_SELECTOR = YES;
				GCC_WARN_UNINITIALIZED_AUTOS = YES_AGGRESSIVE;
				GCC_WARN_UNUSED_FUNCTION = YES;
				GCC_WARN_UNUSED_VARIABLE = YES;
				IPHONEOS_DEPLOYMENT_TARGET = 11.0;
				MTL_ENABLE_DEBUG_INFO = YES;
				ONLY_ACTIVE_ARCH = YES;
				SDKROOT = iphoneos;
				SWIFT_ACTIVE_COMPILATION_CONDITIONS = DEBUG;
				SWIFT_OPTIMIZATION_LEVEL = "-Onone";
			};
			name = Debug;
		};
		F0EE344D1FAA1418003DA080 /* Release */ = {
			isa = XCBuildConfiguration;
			buildSettings = {
				ALWAYS_SEARCH_USER_PATHS = NO;
				CLANG_ANALYZER_NONNULL = YES;
				CLANG_ANALYZER_NUMBER_OBJECT_CONVERSION = YES_AGGRESSIVE;
				CLANG_CXX_LANGUAGE_STANDARD = "gnu++14";
				CLANG_CXX_LIBRARY = "libc++";
				CLANG_ENABLE_MODULES = YES;
				CLANG_ENABLE_OBJC_ARC = YES;
				CLANG_WARN_BLOCK_CAPTURE_AUTORELEASING = YES;
				CLANG_WARN_BOOL_CONVERSION = YES;
				CLANG_WARN_COMMA = YES;
				CLANG_WARN_CONSTANT_CONVERSION = YES;
				CLANG_WARN_DIRECT_OBJC_ISA_USAGE = YES_ERROR;
				CLANG_WARN_DOCUMENTATION_COMMENTS = YES;
				CLANG_WARN_EMPTY_BODY = YES;
				CLANG_WARN_ENUM_CONVERSION = YES;
				CLANG_WARN_INFINITE_RECURSION = YES;
				CLANG_WARN_INT_CONVERSION = YES;
				CLANG_WARN_NON_LITERAL_NULL_CONVERSION = YES;
				CLANG_WARN_OBJC_LITERAL_CONVERSION = YES;
				CLANG_WARN_OBJC_ROOT_CLASS = YES_ERROR;
				CLANG_WARN_RANGE_LOOP_ANALYSIS = YES;
				CLANG_WARN_STRICT_PROTOTYPES = YES;
				CLANG_WARN_SUSPICIOUS_MOVE = YES;
				CLANG_WARN_UNGUARDED_AVAILABILITY = YES_AGGRESSIVE;
				CLANG_WARN_UNREACHABLE_CODE = YES;
				CLANG_WARN__DUPLICATE_METHOD_MATCH = YES;
				CODE_SIGN_IDENTITY = "iPhone Developer";
				COPY_PHASE_STRIP = NO;
				DEBUG_INFORMATION_FORMAT = "dwarf-with-dsym";
				ENABLE_NS_ASSERTIONS = NO;
				ENABLE_STRICT_OBJC_MSGSEND = YES;
				GCC_C_LANGUAGE_STANDARD = gnu11;
				GCC_NO_COMMON_BLOCKS = YES;
				GCC_WARN_64_TO_32_BIT_CONVERSION = YES;
				GCC_WARN_ABOUT_RETURN_TYPE = YES_ERROR;
				GCC_WARN_UNDECLARED_SELECTOR = YES;
				GCC_WARN_UNINITIALIZED_AUTOS = YES_AGGRESSIVE;
				GCC_WARN_UNUSED_FUNCTION = YES;
				GCC_WARN_UNUSED_VARIABLE = YES;
				IPHONEOS_DEPLOYMENT_TARGET = 11.0;
				MTL_ENABLE_DEBUG_INFO = NO;
				SDKROOT = iphoneos;
				SWIFT_OPTIMIZATION_LEVEL = "-Owholemodule";
				VALIDATE_PRODUCT = YES;
			};
			name = Release;
		};
		F0EE344F1FAA1418003DA080 /* Debug */ = {
			isa = XCBuildConfiguration;
			buildSettings = {
				ASSETCATALOG_COMPILER_APPICON_NAME = AppIcon;
				CODE_SIGN_STYLE = Automatic;
				INFOPLIST_FILE = SemiHackathon/Info.plist;
				LD_RUNPATH_SEARCH_PATHS = "$(inherited) @executable_path/Frameworks";
				PRODUCT_BUNDLE_IDENTIFIER = com.my.SemiHackathon;
				PRODUCT_NAME = "$(TARGET_NAME)";
				SWIFT_VERSION = 4.0;
				TARGETED_DEVICE_FAMILY = "1,2";
			};
			name = Debug;
		};
		F0EE34501FAA1418003DA080 /* Release */ = {
			isa = XCBuildConfiguration;
			buildSettings = {
				ASSETCATALOG_COMPILER_APPICON_NAME = AppIcon;
				CODE_SIGN_STYLE = Automatic;
				INFOPLIST_FILE = SemiHackathon/Info.plist;
				LD_RUNPATH_SEARCH_PATHS = "$(inherited) @executable_path/Frameworks";
				PRODUCT_BUNDLE_IDENTIFIER = com.my.SemiHackathon;
				PRODUCT_NAME = "$(TARGET_NAME)";
				SWIFT_VERSION = 4.0;
				TARGETED_DEVICE_FAMILY = "1,2";
			};
			name = Release;
		};
/* End XCBuildConfiguration section */

/* Begin XCConfigurationList section */
		F0EE34371FAA1418003DA080 /* Build configuration list for PBXProject "SemiHackathon" */ = {
			isa = XCConfigurationList;
			buildConfigurations = (
				F0EE344C1FAA1418003DA080 /* Debug */,
				F0EE344D1FAA1418003DA080 /* Release */,
			);
			defaultConfigurationIsVisible = 0;
			defaultConfigurationName = Release;
		};
		F0EE344E1FAA1418003DA080 /* Build configuration list for PBXNativeTarget "SemiHackathon" */ = {
			isa = XCConfigurationList;
			buildConfigurations = (
				F0EE344F1FAA1418003DA080 /* Debug */,
				F0EE34501FAA1418003DA080 /* Release */,
			);
			defaultConfigurationIsVisible = 0;
			defaultConfigurationName = Release;
		};
/* End XCConfigurationList section */
	};
	rootObject = F0EE34341FAA1418003DA080 /* Project object */;
}
