// !$*UTF8*$!
{
	archiveVersion = 1;
	classes = {
	};
	objectVersion = 48;
	objects = {

/* Begin PBXBuildFile section */
		0447B0591F9C6052007F328B /* AppDelegate.swift in Sources */ = {isa = PBXBuildFile; fileRef = 0447B0581F9C6052007F328B /* AppDelegate.swift */; };
		0447B05B1F9C6052007F328B /* MainViewController.swift in Sources */ = {isa = PBXBuildFile; fileRef = 0447B05A1F9C6052007F328B /* MainViewController.swift */; };
		0447B05E1F9C6052007F328B /* Main.storyboard in Resources */ = {isa = PBXBuildFile; fileRef = 0447B05C1F9C6052007F328B /* Main.storyboard */; };
		0447B0601F9C6052007F328B /* Assets.xcassets in Resources */ = {isa = PBXBuildFile; fileRef = 0447B05F1F9C6052007F328B /* Assets.xcassets */; };
		0447B0631F9C6052007F328B /* LaunchScreen.storyboard in Resources */ = {isa = PBXBuildFile; fileRef = 0447B0611F9C6052007F328B /* LaunchScreen.storyboard */; };
		0447B06B1F9C6069007F328B /* FreindInfo.plist in Resources */ = {isa = PBXBuildFile; fileRef = 0447B06A1F9C6069007F328B /* FreindInfo.plist */; };
		0447B06D1F9C6559007F328B /* NextViewController.swift in Sources */ = {isa = PBXBuildFile; fileRef = 0447B06C1F9C6559007F328B /* NextViewController.swift */; };
		0447B06F1F9C664C007F328B /* CustomCell.swift in Sources */ = {isa = PBXBuildFile; fileRef = 0447B06E1F9C664C007F328B /* CustomCell.swift */; };
		0447B0711F9C67BC007F328B /* DataModel.swift in Sources */ = {isa = PBXBuildFile; fileRef = 0447B0701F9C67BC007F328B /* DataModel.swift */; };
		0447B0731F9C67D2007F328B /* DataCenter.swift in Sources */ = {isa = PBXBuildFile; fileRef = 0447B0721F9C67D2007F328B /* DataCenter.swift */; };
		0447B0751F9C6B24007F328B /* Settings.plist in Resources */ = {isa = PBXBuildFile; fileRef = 0447B0741F9C6B24007F328B /* Settings.plist */; };
		04C3AF7C1F9E3FB7003A1E1E /* Otherstoryboard.storyboard in Resources */ = {isa = PBXBuildFile; fileRef = 04C3AF7B1F9E3FB7003A1E1E /* Otherstoryboard.storyboard */; };
		04C3AF821F9E404E003A1E1E /* MainNavi.swift in Sources */ = {isa = PBXBuildFile; fileRef = 04C3AF811F9E404E003A1E1E /* MainNavi.swift */; };
		04C3AF851F9E4333003A1E1E /* CreatAccountPage.swift in Sources */ = {isa = PBXBuildFile; fileRef = 04C3AF831F9E4332003A1E1E /* CreatAccountPage.swift */; };
		04C3AF861F9E4333003A1E1E /* LoginViewController.swift in Sources */ = {isa = PBXBuildFile; fileRef = 04C3AF841F9E4332003A1E1E /* LoginViewController.swift */; };
		04C3AF881F9E49D2003A1E1E /* SettingDataModel.swift in Sources */ = {isa = PBXBuildFile; fileRef = 04C3AF871F9E49D1003A1E1E /* SettingDataModel.swift */; };
		04C3AF8A1F9E4A16003A1E1E /* SettingViewController.swift in Sources */ = {isa = PBXBuildFile; fileRef = 04C3AF891F9E4A16003A1E1E /* SettingViewController.swift */; };
		04FFD0E91FA027C400E41830 /* DetailSetting.swift in Sources */ = {isa = PBXBuildFile; fileRef = 04FFD0E81FA027C400E41830 /* DetailSetting.swift */; };
/* End PBXBuildFile section */

/* Begin PBXFileReference section */
		0447B0551F9C6052007F328B /* 17-10-22-TestProFile.app */ = {isa = PBXFileReference; explicitFileType = wrapper.application; includeInIndex = 0; path = "17-10-22-TestProFile.app"; sourceTree = BUILT_PRODUCTS_DIR; };
		0447B0581F9C6052007F328B /* AppDelegate.swift */ = {isa = PBXFileReference; lastKnownFileType = sourcecode.swift; path = AppDelegate.swift; sourceTree = "<group>"; };
		0447B05A1F9C6052007F328B /* MainViewController.swift */ = {isa = PBXFileReference; lastKnownFileType = sourcecode.swift; path = MainViewController.swift; sourceTree = "<group>"; };
		0447B05D1F9C6052007F328B /* Base */ = {isa = PBXFileReference; lastKnownFileType = file.storyboard; name = Base; path = Base.lproj/Main.storyboard; sourceTree = "<group>"; };
		0447B05F1F9C6052007F328B /* Assets.xcassets */ = {isa = PBXFileReference; lastKnownFileType = folder.assetcatalog; path = Assets.xcassets; sourceTree = "<group>"; };
		0447B0621F9C6052007F328B /* Base */ = {isa = PBXFileReference; lastKnownFileType = file.storyboard; name = Base; path = Base.lproj/LaunchScreen.storyboard; sourceTree = "<group>"; };
		0447B0641F9C6052007F328B /* Info.plist */ = {isa = PBXFileReference; lastKnownFileType = text.plist.xml; path = Info.plist; sourceTree = "<group>"; };
		0447B06A1F9C6069007F328B /* FreindInfo.plist */ = {isa = PBXFileReference; fileEncoding = 4; lastKnownFileType = text.plist.xml; path = FreindInfo.plist; sourceTree = "<group>"; };
		0447B06C1F9C6559007F328B /* NextViewController.swift */ = {isa = PBXFileReference; lastKnownFileType = sourcecode.swift; path = NextViewController.swift; sourceTree = "<group>"; };
		0447B06E1F9C664C007F328B /* CustomCell.swift */ = {isa = PBXFileReference; lastKnownFileType = sourcecode.swift; path = CustomCell.swift; sourceTree = "<group>"; };
		0447B0701F9C67BC007F328B /* DataModel.swift */ = {isa = PBXFileReference; lastKnownFileType = sourcecode.swift; path = DataModel.swift; sourceTree = "<group>"; };
		0447B0721F9C67D2007F328B /* DataCenter.swift */ = {isa = PBXFileReference; lastKnownFileType = sourcecode.swift; path = DataCenter.swift; sourceTree = "<group>"; };
		0447B0741F9C6B24007F328B /* Settings.plist */ = {isa = PBXFileReference; fileEncoding = 4; lastKnownFileType = text.plist.xml; path = Settings.plist; sourceTree = "<group>"; };
		04C3AF7B1F9E3FB7003A1E1E /* Otherstoryboard.storyboard */ = {isa = PBXFileReference; lastKnownFileType = file.storyboard; path = Otherstoryboard.storyboard; sourceTree = "<group>"; };
		04C3AF811F9E404E003A1E1E /* MainNavi.swift */ = {isa = PBXFileReference; lastKnownFileType = sourcecode.swift; path = MainNavi.swift; sourceTree = "<group>"; };
		04C3AF831F9E4332003A1E1E /* CreatAccountPage.swift */ = {isa = PBXFileReference; fileEncoding = 4; lastKnownFileType = sourcecode.swift; path = CreatAccountPage.swift; sourceTree = "<group>"; };
		04C3AF841F9E4332003A1E1E /* LoginViewController.swift */ = {isa = PBXFileReference; fileEncoding = 4; lastKnownFileType = sourcecode.swift; path = LoginViewController.swift; sourceTree = "<group>"; };
		04C3AF871F9E49D1003A1E1E /* SettingDataModel.swift */ = {isa = PBXFileReference; fileEncoding = 4; lastKnownFileType = sourcecode.swift; path = SettingDataModel.swift; sourceTree = "<group>"; };
		04C3AF891F9E4A16003A1E1E /* SettingViewController.swift */ = {isa = PBXFileReference; fileEncoding = 4; lastKnownFileType = sourcecode.swift; path = SettingViewController.swift; sourceTree = "<group>"; };
		04FFD0E81FA027C400E41830 /* DetailSetting.swift */ = {isa = PBXFileReference; lastKnownFileType = sourcecode.swift; path = DetailSetting.swift; sourceTree = "<group>"; };
/* End PBXFileReference section */

/* Begin PBXFrameworksBuildPhase section */
		0447B0521F9C6052007F328B /* Frameworks */ = {
			isa = PBXFrameworksBuildPhase;
			buildActionMask = 2147483647;
			files = (
			);
			runOnlyForDeploymentPostprocessing = 0;
		};
/* End PBXFrameworksBuildPhase section */

/* Begin PBXGroup section */
		0447B04C1F9C6052007F328B = {
			isa = PBXGroup;
			children = (
				0447B0571F9C6052007F328B /* 17-10-22-TestProFile */,
				0447B0561F9C6052007F328B /* Products */,
			);
			sourceTree = "<group>";
		};
		0447B0561F9C6052007F328B /* Products */ = {
			isa = PBXGroup;
			children = (
				0447B0551F9C6052007F328B /* 17-10-22-TestProFile.app */,
			);
			name = Products;
			sourceTree = "<group>";
		};
		0447B0571F9C6052007F328B /* 17-10-22-TestProFile */ = {
			isa = PBXGroup;
			children = (
				0447B0581F9C6052007F328B /* AppDelegate.swift */,
				047E55411F9ECB250043A59B /* MainViewContorller */,
				047E55421F9ECB420043A59B /* SettingViewController */,
				047E55401F9ECB120043A59B /* storyboards */,
				0447B05F1F9C6052007F328B /* Assets.xcassets */,
				047E553F1F9ECB030043A59B /* Loginsection */,
				04C3AF811F9E404E003A1E1E /* MainNavi.swift */,
				0447B06A1F9C6069007F328B /* FreindInfo.plist */,
				0447B0741F9C6B24007F328B /* Settings.plist */,
				0447B0611F9C6052007F328B /* LaunchScreen.storyboard */,
				0447B0641F9C6052007F328B /* Info.plist */,
			);
			path = "17-10-22-TestProFile";
			sourceTree = "<group>";
		};
		047E553F1F9ECB030043A59B /* Loginsection */ = {
			isa = PBXGroup;
			children = (
				04C3AF841F9E4332003A1E1E /* LoginViewController.swift */,
				04C3AF831F9E4332003A1E1E /* CreatAccountPage.swift */,
			);
			path = Loginsection;
			sourceTree = "<group>";
		};
		047E55401F9ECB120043A59B /* storyboards */ = {
			isa = PBXGroup;
			children = (
				0447B05C1F9C6052007F328B /* Main.storyboard */,
				04C3AF7B1F9E3FB7003A1E1E /* Otherstoryboard.storyboard */,
			);
			path = storyboards;
			sourceTree = "<group>";
		};
		047E55411F9ECB250043A59B /* MainViewContorller */ = {
			isa = PBXGroup;
			children = (
				0447B0701F9C67BC007F328B /* DataModel.swift */,
				0447B0721F9C67D2007F328B /* DataCenter.swift */,
				0447B05A1F9C6052007F328B /* MainViewController.swift */,
				0447B06C1F9C6559007F328B /* NextViewController.swift */,
			);
			path = MainViewContorller;
			sourceTree = "<group>";
		};
		047E55421F9ECB420043A59B /* SettingViewController */ = {
			isa = PBXGroup;
			children = (
				04C3AF891F9E4A16003A1E1E /* SettingViewController.swift */,
				04FFD0E81FA027C400E41830 /* DetailSetting.swift */,
				0447B06E1F9C664C007F328B /* CustomCell.swift */,
				04C3AF871F9E49D1003A1E1E /* SettingDataModel.swift */,
			);
			path = SettingViewController;
			sourceTree = "<group>";
		};
/* End PBXGroup section */

/* Begin PBXNativeTarget section */
		0447B0541F9C6052007F328B /* 17-10-22-TestProFile */ = {
			isa = PBXNativeTarget;
			buildConfigurationList = 0447B0671F9C6052007F328B /* Build configuration list for PBXNativeTarget "17-10-22-TestProFile" */;
			buildPhases = (
				0447B0511F9C6052007F328B /* Sources */,
				0447B0521F9C6052007F328B /* Frameworks */,
				0447B0531F9C6052007F328B /* Resources */,
			);
			buildRules = (
			);
			dependencies = (
			);
			name = "17-10-22-TestProFile";
			productName = "17-10-22-TestProFile";
			productReference = 0447B0551F9C6052007F328B /* 17-10-22-TestProFile.app */;
			productType = "com.apple.product-type.application";
		};
/* End PBXNativeTarget section */

/* Begin PBXProject section */
		0447B04D1F9C6052007F328B /* Project object */ = {
			isa = PBXProject;
			attributes = {
				LastSwiftUpdateCheck = 0900;
				LastUpgradeCheck = 0900;
				ORGANIZATIONNAME = "MIN JUN JU";
				TargetAttributes = {
					0447B0541F9C6052007F328B = {
						CreatedOnToolsVersion = 9.0.1;
						ProvisioningStyle = Automatic;
					};
				};
			};
			buildConfigurationList = 0447B0501F9C6052007F328B /* Build configuration list for PBXProject "17-10-22-TestProFile" */;
			compatibilityVersion = "Xcode 8.0";
			developmentRegion = en;
			hasScannedForEncodings = 0;
			knownRegions = (
				en,
				Base,
			);
			mainGroup = 0447B04C1F9C6052007F328B;
			productRefGroup = 0447B0561F9C6052007F328B /* Products */;
			projectDirPath = "";
			projectRoot = "";
			targets = (
				0447B0541F9C6052007F328B /* 17-10-22-TestProFile */,
			);
		};
/* End PBXProject section */

/* Begin PBXResourcesBuildPhase section */
		0447B0531F9C6052007F328B /* Resources */ = {
			isa = PBXResourcesBuildPhase;
			buildActionMask = 2147483647;
			files = (
				0447B0631F9C6052007F328B /* LaunchScreen.storyboard in Resources */,
				0447B0601F9C6052007F328B /* Assets.xcassets in Resources */,
				04C3AF7C1F9E3FB7003A1E1E /* Otherstoryboard.storyboard in Resources */,
				0447B06B1F9C6069007F328B /* FreindInfo.plist in Resources */,
				0447B05E1F9C6052007F328B /* Main.storyboard in Resources */,
				0447B0751F9C6B24007F328B /* Settings.plist in Resources */,
			);
			runOnlyForDeploymentPostprocessing = 0;
		};
/* End PBXResourcesBuildPhase section */

/* Begin PBXSourcesBuildPhase section */
		0447B0511F9C6052007F328B /* Sources */ = {
			isa = PBXSourcesBuildPhase;
			buildActionMask = 2147483647;
			files = (
				04C3AF881F9E49D2003A1E1E /* SettingDataModel.swift in Sources */,
				04C3AF861F9E4333003A1E1E /* LoginViewController.swift in Sources */,
				0447B0731F9C67D2007F328B /* DataCenter.swift in Sources */,
				0447B0711F9C67BC007F328B /* DataModel.swift in Sources */,
				04C3AF8A1F9E4A16003A1E1E /* SettingViewController.swift in Sources */,
				04C3AF851F9E4333003A1E1E /* CreatAccountPage.swift in Sources */,
				0447B05B1F9C6052007F328B /* MainViewController.swift in Sources */,
				04FFD0E91FA027C400E41830 /* DetailSetting.swift in Sources */,
				0447B06D1F9C6559007F328B /* NextViewController.swift in Sources */,
				0447B06F1F9C664C007F328B /* CustomCell.swift in Sources */,
				0447B0591F9C6052007F328B /* AppDelegate.swift in Sources */,
				04C3AF821F9E404E003A1E1E /* MainNavi.swift in Sources */,
			);
			runOnlyForDeploymentPostprocessing = 0;
		};
/* End PBXSourcesBuildPhase section */

/* Begin PBXVariantGroup section */
		0447B05C1F9C6052007F328B /* Main.storyboard */ = {
			isa = PBXVariantGroup;
			children = (
				0447B05D1F9C6052007F328B /* Base */,
			);
			name = Main.storyboard;
			sourceTree = "<group>";
		};
		0447B0611F9C6052007F328B /* LaunchScreen.storyboard */ = {
			isa = PBXVariantGroup;
			children = (
				0447B0621F9C6052007F328B /* Base */,
			);
			name = LaunchScreen.storyboard;
			sourceTree = "<group>";
		};
/* End PBXVariantGroup section */

/* Begin XCBuildConfiguration section */
		0447B0651F9C6052007F328B /* Debug */ = {
			isa = XCBuildConfiguration;
			buildSettings = {
				ALWAYS_SEARCH_USER_PATHS = NO;
				CLANG_ANALYZER_NONNULL = YES;
				CLANG_ANALYZER_NUMBER_OBJECT_CONVERSION = YES_AGGRESSIVE;
				CLANG_CXX_LANGUAGE_STANDARD = "gnu++14";
				CLANG_CXX_LIBRARY = "libc++";
				CLANG_ENABLE_MODULES = YES;
				CLANG_ENABLE_OBJC_ARC = YES;
				CLANG_WARN_BLOCK_CAPTURE_AUTORELEASING = YES;
				CLANG_WARN_BOOL_CONVERSION = YES;
				CLANG_WARN_COMMA = YES;
				CLANG_WARN_CONSTANT_CONVERSION = YES;
				CLANG_WARN_DIRECT_OBJC_ISA_USAGE = YES_ERROR;
				CLANG_WARN_DOCUMENTATION_COMMENTS = YES;
				CLANG_WARN_EMPTY_BODY = YES;
				CLANG_WARN_ENUM_CONVERSION = YES;
				CLANG_WARN_INFINITE_RECURSION = YES;
				CLANG_WARN_INT_CONVERSION = YES;
				CLANG_WARN_NON_LITERAL_NULL_CONVERSION = YES;
				CLANG_WARN_OBJC_LITERAL_CONVERSION = YES;
				CLANG_WARN_OBJC_ROOT_CLASS = YES_ERROR;
				CLANG_WARN_RANGE_LOOP_ANALYSIS = YES;
				CLANG_WARN_STRICT_PROTOTYPES = YES;
				CLANG_WARN_SUSPICIOUS_MOVE = YES;
				CLANG_WARN_UNGUARDED_AVAILABILITY = YES_AGGRESSIVE;
				CLANG_WARN_UNREACHABLE_CODE = YES;
				CLANG_WARN__DUPLICATE_METHOD_MATCH = YES;
				CODE_SIGN_IDENTITY = "iPhone Developer";
				COPY_PHASE_STRIP = NO;
				DEBUG_INFORMATION_FORMAT = dwarf;
				ENABLE_STRICT_OBJC_MSGSEND = YES;
				ENABLE_TESTABILITY = YES;
				GCC_C_LANGUAGE_STANDARD = gnu11;
				GCC_DYNAMIC_NO_PIC = NO;
				GCC_NO_COMMON_BLOCKS = YES;
				GCC_OPTIMIZATION_LEVEL = 0;
				GCC_PREPROCESSOR_DEFINITIONS = (
					"DEBUG=1",
					"$(inherited)",
				);
				GCC_WARN_64_TO_32_BIT_CONVERSION = YES;
				GCC_WARN_ABOUT_RETURN_TYPE = YES_ERROR;
				GCC_WARN_UNDECLARED_SELECTOR = YES;
				GCC_WARN_UNINITIALIZED_AUTOS = YES_AGGRESSIVE;
				GCC_WARN_UNUSED_FUNCTION = YES;
				GCC_WARN_UNUSED_VARIABLE = YES;
				IPHONEOS_DEPLOYMENT_TARGET = 11.0;
				MTL_ENABLE_DEBUG_INFO = YES;
				ONLY_ACTIVE_ARCH = YES;
				SDKROOT = iphoneos;
				SWIFT_ACTIVE_COMPILATION_CONDITIONS = DEBUG;
				SWIFT_OPTIMIZATION_LEVEL = "-Onone";
			};
			name = Debug;
		};
		0447B0661F9C6052007F328B /* Release */ = {
			isa = XCBuildConfiguration;
			buildSettings = {
				ALWAYS_SEARCH_USER_PATHS = NO;
				CLANG_ANALYZER_NONNULL = YES;
				CLANG_ANALYZER_NUMBER_OBJECT_CONVERSION = YES_AGGRESSIVE;
				CLANG_CXX_LANGUAGE_STANDARD = "gnu++14";
				CLANG_CXX_LIBRARY = "libc++";
				CLANG_ENABLE_MODULES = YES;
				CLANG_ENABLE_OBJC_ARC = YES;
				CLANG_WARN_BLOCK_CAPTURE_AUTORELEASING = YES;
				CLANG_WARN_BOOL_CONVERSION = YES;
				CLANG_WARN_COMMA = YES;
				CLANG_WARN_CONSTANT_CONVERSION = YES;
				CLANG_WARN_DIRECT_OBJC_ISA_USAGE = YES_ERROR;
				CLANG_WARN_DOCUMENTATION_COMMENTS = YES;
				CLANG_WARN_EMPTY_BODY = YES;
				CLANG_WARN_ENUM_CONVERSION = YES;
				CLANG_WARN_INFINITE_RECURSION = YES;
				CLANG_WARN_INT_CONVERSION = YES;
				CLANG_WARN_NON_LITERAL_NULL_CONVERSION = YES;
				CLANG_WARN_OBJC_LITERAL_CONVERSION = YES;
				CLANG_WARN_OBJC_ROOT_CLASS = YES_ERROR;
				CLANG_WARN_RANGE_LOOP_ANALYSIS = YES;
				CLANG_WARN_STRICT_PROTOTYPES = YES;
				CLANG_WARN_SUSPICIOUS_MOVE = YES;
				CLANG_WARN_UNGUARDED_AVAILABILITY = YES_AGGRESSIVE;
				CLANG_WARN_UNREACHABLE_CODE = YES;
				CLANG_WARN__DUPLICATE_METHOD_MATCH = YES;
				CODE_SIGN_IDENTITY = "iPhone Developer";
				COPY_PHASE_STRIP = NO;
				DEBUG_INFORMATION_FORMAT = "dwarf-with-dsym";
				ENABLE_NS_ASSERTIONS = NO;
				ENABLE_STRICT_OBJC_MSGSEND = YES;
				GCC_C_LANGUAGE_STANDARD = gnu11;
				GCC_NO_COMMON_BLOCKS = YES;
				GCC_WARN_64_TO_32_BIT_CONVERSION = YES;
				GCC_WARN_ABOUT_RETURN_TYPE = YES_ERROR;
				GCC_WARN_UNDECLARED_SELECTOR = YES;
				GCC_WARN_UNINITIALIZED_AUTOS = YES_AGGRESSIVE;
				GCC_WARN_UNUSED_FUNCTION = YES;
				GCC_WARN_UNUSED_VARIABLE = YES;
				IPHONEOS_DEPLOYMENT_TARGET = 11.0;
				MTL_ENABLE_DEBUG_INFO = NO;
				SDKROOT = iphoneos;
				SWIFT_OPTIMIZATION_LEVEL = "-Owholemodule";
				VALIDATE_PRODUCT = YES;
			};
			name = Release;
		};
		0447B0681F9C6052007F328B /* Debug */ = {
			isa = XCBuildConfiguration;
			buildSettings = {
				ASSETCATALOG_COMPILER_APPICON_NAME = AppIcon;
				CODE_SIGN_STYLE = Automatic;
				DEVELOPMENT_TEAM = E8CS7J8RX4;
				INFOPLIST_FILE = "17-10-22-TestProFile/Info.plist";
				LD_RUNPATH_SEARCH_PATHS = "$(inherited) @executable_path/Frameworks";
				PRODUCT_BUNDLE_IDENTIFIER = "Oraganization.-7-10-22-TestProFile";
				PRODUCT_NAME = "$(TARGET_NAME)";
				SWIFT_VERSION = 4.0;
				TARGETED_DEVICE_FAMILY = "1,2";
			};
			name = Debug;
		};
		0447B0691F9C6052007F328B /* Release */ = {
			isa = XCBuildConfiguration;
			buildSettings = {
				ASSETCATALOG_COMPILER_APPICON_NAME = AppIcon;
				CODE_SIGN_STYLE = Automatic;
				DEVELOPMENT_TEAM = E8CS7J8RX4;
				INFOPLIST_FILE = "17-10-22-TestProFile/Info.plist";
				LD_RUNPATH_SEARCH_PATHS = "$(inherited) @executable_path/Frameworks";
				PRODUCT_BUNDLE_IDENTIFIER = "Oraganization.-7-10-22-TestProFile";
				PRODUCT_NAME = "$(TARGET_NAME)";
				SWIFT_VERSION = 4.0;
				TARGETED_DEVICE_FAMILY = "1,2";
			};
			name = Release;
		};
/* End XCBuildConfiguration section */

/* Begin XCConfigurationList section */
		0447B0501F9C6052007F328B /* Build configuration list for PBXProject "17-10-22-TestProFile" */ = {
			isa = XCConfigurationList;
			buildConfigurations = (
				0447B0651F9C6052007F328B /* Debug */,
				0447B0661F9C6052007F328B /* Release */,
			);
			defaultConfigurationIsVisible = 0;
			defaultConfigurationName = Release;
		};
		0447B0671F9C6052007F328B /* Build configuration list for PBXNativeTarget "17-10-22-TestProFile" */ = {
			isa = XCConfigurationList;
			buildConfigurations = (
				0447B0681F9C6052007F328B /* Debug */,
				0447B0691F9C6052007F328B /* Release */,
			);
			defaultConfigurationIsVisible = 0;
			defaultConfigurationName = Release;
		};
/* End XCConfigurationList section */
	};
	rootObject = 0447B04D1F9C6052007F328B /* Project object */;
}
