// !$*UTF8*$!
{
	archiveVersion = 1;
	classes = {
	};
	objectVersion = 48;
	objects = {

/* Begin PBXBuildFile section */
		BA38E13B1FAAAE960011272D /* AppDelegate.swift in Sources */ = {isa = PBXBuildFile; fileRef = BA38E13A1FAAAE960011272D /* AppDelegate.swift */; };
		BA38E13D1FAAAE960011272D /* ViewController.swift in Sources */ = {isa = PBXBuildFile; fileRef = BA38E13C1FAAAE960011272D /* ViewController.swift */; };
		BA38E1401FAAAE960011272D /* Main.storyboard in Resources */ = {isa = PBXBuildFile; fileRef = BA38E13E1FAAAE960011272D /* Main.storyboard */; };
		BA38E1421FAAAE960011272D /* Assets.xcassets in Resources */ = {isa = PBXBuildFile; fileRef = BA38E1411FAAAE960011272D /* Assets.xcassets */; };
		BA38E1451FAAAE960011272D /* LaunchScreen.storyboard in Resources */ = {isa = PBXBuildFile; fileRef = BA38E1431FAAAE960011272D /* LaunchScreen.storyboard */; };
		BA38E14D1FAAAEAB0011272D /* resultList.plist in Resources */ = {isa = PBXBuildFile; fileRef = BA38E14C1FAAAEAB0011272D /* resultList.plist */; };
		BA38E14F1FAAAF6B0011272D /* exampleList.plist in Resources */ = {isa = PBXBuildFile; fileRef = BA38E14E1FAAAF6B0011272D /* exampleList.plist */; };
		BA38E1511FAAAFC00011272D /* Result.swift in Sources */ = {isa = PBXBuildFile; fileRef = BA38E1501FAAAFC00011272D /* Result.swift */; };
		BA38E1531FAAB00E0011272D /* Question.swift in Sources */ = {isa = PBXBuildFile; fileRef = BA38E1521FAAB00E0011272D /* Question.swift */; };
		BA38E1551FAAEC8B0011272D /* customTableViewCell.swift in Sources */ = {isa = PBXBuildFile; fileRef = BA38E1541FAAEC8B0011272D /* customTableViewCell.swift */; };
		BA38E1591FAAF4AE0011272D /* TableViewController.swift in Sources */ = {isa = PBXBuildFile; fileRef = BA38E1581FAAF4AE0011272D /* TableViewController.swift */; };
		BA38E15B1FAB004D0011272D /* ResultViewController.swift in Sources */ = {isa = PBXBuildFile; fileRef = BA38E15A1FAB004D0011272D /* ResultViewController.swift */; };
		BA38E15D1FAB03670011272D /* CoffeeViewController.swift in Sources */ = {isa = PBXBuildFile; fileRef = BA38E15C1FAB03670011272D /* CoffeeViewController.swift */; };
/* End PBXBuildFile section */

/* Begin PBXFileReference section */
		BA38E1371FAAAE960011272D /* miniHackerTone.app */ = {isa = PBXFileReference; explicitFileType = wrapper.application; includeInIndex = 0; path = miniHackerTone.app; sourceTree = BUILT_PRODUCTS_DIR; };
		BA38E13A1FAAAE960011272D /* AppDelegate.swift */ = {isa = PBXFileReference; lastKnownFileType = sourcecode.swift; path = AppDelegate.swift; sourceTree = "<group>"; };
		BA38E13C1FAAAE960011272D /* ViewController.swift */ = {isa = PBXFileReference; lastKnownFileType = sourcecode.swift; path = ViewController.swift; sourceTree = "<group>"; };
		BA38E13F1FAAAE960011272D /* Base */ = {isa = PBXFileReference; lastKnownFileType = file.storyboard; name = Base; path = Base.lproj/Main.storyboard; sourceTree = "<group>"; };
		BA38E1411FAAAE960011272D /* Assets.xcassets */ = {isa = PBXFileReference; lastKnownFileType = folder.assetcatalog; path = Assets.xcassets; sourceTree = "<group>"; };
		BA38E1441FAAAE960011272D /* Base */ = {isa = PBXFileReference; lastKnownFileType = file.storyboard; name = Base; path = Base.lproj/LaunchScreen.storyboard; sourceTree = "<group>"; };
		BA38E1461FAAAE960011272D /* Info.plist */ = {isa = PBXFileReference; lastKnownFileType = text.plist.xml; path = Info.plist; sourceTree = "<group>"; };
		BA38E14C1FAAAEAB0011272D /* resultList.plist */ = {isa = PBXFileReference; fileEncoding = 4; lastKnownFileType = text.plist.xml; path = resultList.plist; sourceTree = "<group>"; };
		BA38E14E1FAAAF6B0011272D /* exampleList.plist */ = {isa = PBXFileReference; fileEncoding = 4; lastKnownFileType = text.plist.xml; path = exampleList.plist; sourceTree = "<group>"; };
		BA38E1501FAAAFC00011272D /* Result.swift */ = {isa = PBXFileReference; lastKnownFileType = sourcecode.swift; path = Result.swift; sourceTree = "<group>"; };
		BA38E1521FAAB00E0011272D /* Question.swift */ = {isa = PBXFileReference; lastKnownFileType = sourcecode.swift; path = Question.swift; sourceTree = "<group>"; };
		BA38E1541FAAEC8B0011272D /* customTableViewCell.swift */ = {isa = PBXFileReference; lastKnownFileType = sourcecode.swift; path = customTableViewCell.swift; sourceTree = "<group>"; };
		BA38E1581FAAF4AE0011272D /* TableViewController.swift */ = {isa = PBXFileReference; lastKnownFileType = sourcecode.swift; path = TableViewController.swift; sourceTree = "<group>"; };
		BA38E15A1FAB004D0011272D /* ResultViewController.swift */ = {isa = PBXFileReference; lastKnownFileType = sourcecode.swift; path = ResultViewController.swift; sourceTree = "<group>"; };
		BA38E15C1FAB03670011272D /* CoffeeViewController.swift */ = {isa = PBXFileReference; lastKnownFileType = sourcecode.swift; path = CoffeeViewController.swift; sourceTree = "<group>"; };
/* End PBXFileReference section */

/* Begin PBXFrameworksBuildPhase section */
		BA38E1341FAAAE960011272D /* Frameworks */ = {
			isa = PBXFrameworksBuildPhase;
			buildActionMask = 2147483647;
			files = (
			);
			runOnlyForDeploymentPostprocessing = 0;
		};
/* End PBXFrameworksBuildPhase section */

/* Begin PBXGroup section */
		BA38E12E1FAAAE960011272D = {
			isa = PBXGroup;
			children = (
				BA38E1391FAAAE960011272D /* miniHackerTone */,
				BA38E1381FAAAE960011272D /* Products */,
			);
			sourceTree = "<group>";
		};
		BA38E1381FAAAE960011272D /* Products */ = {
			isa = PBXGroup;
			children = (
				BA38E1371FAAAE960011272D /* miniHackerTone.app */,
			);
			name = Products;
			sourceTree = "<group>";
		};
		BA38E1391FAAAE960011272D /* miniHackerTone */ = {
			isa = PBXGroup;
			children = (
				BA38E13A1FAAAE960011272D /* AppDelegate.swift */,
				BA38E13C1FAAAE960011272D /* ViewController.swift */,
				BA38E13E1FAAAE960011272D /* Main.storyboard */,
				BA38E15C1FAB03670011272D /* CoffeeViewController.swift */,
				BA38E15A1FAB004D0011272D /* ResultViewController.swift */,
				BA38E1581FAAF4AE0011272D /* TableViewController.swift */,
				BA38E1541FAAEC8B0011272D /* customTableViewCell.swift */,
				BA38E1411FAAAE960011272D /* Assets.xcassets */,
				BA38E1431FAAAE960011272D /* LaunchScreen.storyboard */,
				BA38E14C1FAAAEAB0011272D /* resultList.plist */,
				BA38E14E1FAAAF6B0011272D /* exampleList.plist */,
				BA38E1501FAAAFC00011272D /* Result.swift */,
				BA38E1521FAAB00E0011272D /* Question.swift */,
				BA38E1461FAAAE960011272D /* Info.plist */,
			);
			path = miniHackerTone;
			sourceTree = "<group>";
		};
/* End PBXGroup section */

/* Begin PBXNativeTarget section */
		BA38E1361FAAAE960011272D /* miniHackerTone */ = {
			isa = PBXNativeTarget;
			buildConfigurationList = BA38E1491FAAAE960011272D /* Build configuration list for PBXNativeTarget "miniHackerTone" */;
			buildPhases = (
				BA38E1331FAAAE960011272D /* Sources */,
				BA38E1341FAAAE960011272D /* Frameworks */,
				BA38E1351FAAAE960011272D /* Resources */,
			);
			buildRules = (
			);
			dependencies = (
			);
			name = miniHackerTone;
			productName = miniHackerTone;
			productReference = BA38E1371FAAAE960011272D /* miniHackerTone.app */;
			productType = "com.apple.product-type.application";
		};
/* End PBXNativeTarget section */

/* Begin PBXProject section */
		BA38E12F1FAAAE960011272D /* Project object */ = {
			isa = PBXProject;
			attributes = {
				LastSwiftUpdateCheck = 0900;
				LastUpgradeCheck = 0900;
				ORGANIZATIONNAME = okkoung;
				TargetAttributes = {
					BA38E1361FAAAE960011272D = {
						CreatedOnToolsVersion = 9.0.1;
						ProvisioningStyle = Automatic;
					};
				};
			};
			buildConfigurationList = BA38E1321FAAAE960011272D /* Build configuration list for PBXProject "miniHackerTone" */;
			compatibilityVersion = "Xcode 8.0";
			developmentRegion = en;
			hasScannedForEncodings = 0;
			knownRegions = (
				en,
				Base,
			);
			mainGroup = BA38E12E1FAAAE960011272D;
			productRefGroup = BA38E1381FAAAE960011272D /* Products */;
			projectDirPath = "";
			projectRoot = "";
			targets = (
				BA38E1361FAAAE960011272D /* miniHackerTone */,
			);
		};
/* End PBXProject section */

/* Begin PBXResourcesBuildPhase section */
		BA38E1351FAAAE960011272D /* Resources */ = {
			isa = PBXResourcesBuildPhase;
			buildActionMask = 2147483647;
			files = (
				BA38E14F1FAAAF6B0011272D /* exampleList.plist in Resources */,
				BA38E1451FAAAE960011272D /* LaunchScreen.storyboard in Resources */,
				BA38E14D1FAAAEAB0011272D /* resultList.plist in Resources */,
				BA38E1421FAAAE960011272D /* Assets.xcassets in Resources */,
				BA38E1401FAAAE960011272D /* Main.storyboard in Resources */,
			);
			runOnlyForDeploymentPostprocessing = 0;
		};
/* End PBXResourcesBuildPhase section */

/* Begin PBXSourcesBuildPhase section */
		BA38E1331FAAAE960011272D /* Sources */ = {
			isa = PBXSourcesBuildPhase;
			buildActionMask = 2147483647;
			files = (
				BA38E1511FAAAFC00011272D /* Result.swift in Sources */,
				BA38E1591FAAF4AE0011272D /* TableViewController.swift in Sources */,
				BA38E15B1FAB004D0011272D /* ResultViewController.swift in Sources */,
				BA38E1531FAAB00E0011272D /* Question.swift in Sources */,
				BA38E15D1FAB03670011272D /* CoffeeViewController.swift in Sources */,
				BA38E1551FAAEC8B0011272D /* customTableViewCell.swift in Sources */,
				BA38E13D1FAAAE960011272D /* ViewController.swift in Sources */,
				BA38E13B1FAAAE960011272D /* AppDelegate.swift in Sources */,
			);
			runOnlyForDeploymentPostprocessing = 0;
		};
/* End PBXSourcesBuildPhase section */

/* Begin PBXVariantGroup section */
		BA38E13E1FAAAE960011272D /* Main.storyboard */ = {
			isa = PBXVariantGroup;
			children = (
				BA38E13F1FAAAE960011272D /* Base */,
			);
			name = Main.storyboard;
			sourceTree = "<group>";
		};
		BA38E1431FAAAE960011272D /* LaunchScreen.storyboard */ = {
			isa = PBXVariantGroup;
			children = (
				BA38E1441FAAAE960011272D /* Base */,
			);
			name = LaunchScreen.storyboard;
			sourceTree = "<group>";
		};
/* End PBXVariantGroup section */

/* Begin XCBuildConfiguration section */
		BA38E1471FAAAE960011272D /* Debug */ = {
			isa = XCBuildConfiguration;
			buildSettings = {
				ALWAYS_SEARCH_USER_PATHS = NO;
				CLANG_ANALYZER_NONNULL = YES;
				CLANG_ANALYZER_NUMBER_OBJECT_CONVERSION = YES_AGGRESSIVE;
				CLANG_CXX_LANGUAGE_STANDARD = "gnu++14";
				CLANG_CXX_LIBRARY = "libc++";
				CLANG_ENABLE_MODULES = YES;
				CLANG_ENABLE_OBJC_ARC = YES;
				CLANG_WARN_BLOCK_CAPTURE_AUTORELEASING = YES;
				CLANG_WARN_BOOL_CONVERSION = YES;
				CLANG_WARN_COMMA = YES;
				CLANG_WARN_CONSTANT_CONVERSION = YES;
				CLANG_WARN_DIRECT_OBJC_ISA_USAGE = YES_ERROR;
				CLANG_WARN_DOCUMENTATION_COMMENTS = YES;
				CLANG_WARN_EMPTY_BODY = YES;
				CLANG_WARN_ENUM_CONVERSION = YES;
				CLANG_WARN_INFINITE_RECURSION = YES;
				CLANG_WARN_INT_CONVERSION = YES;
				CLANG_WARN_NON_LITERAL_NULL_CONVERSION = YES;
				CLANG_WARN_OBJC_LITERAL_CONVERSION = YES;
				CLANG_WARN_OBJC_ROOT_CLASS = YES_ERROR;
				CLANG_WARN_RANGE_LOOP_ANALYSIS = YES;
				CLANG_WARN_STRICT_PROTOTYPES = YES;
				CLANG_WARN_SUSPICIOUS_MOVE = YES;
				CLANG_WARN_UNGUARDED_AVAILABILITY = YES_AGGRESSIVE;
				CLANG_WARN_UNREACHABLE_CODE = YES;
				CLANG_WARN__DUPLICATE_METHOD_MATCH = YES;
				CODE_SIGN_IDENTITY = "iPhone Developer";
				COPY_PHASE_STRIP = NO;
				DEBUG_INFORMATION_FORMAT = dwarf;
				ENABLE_STRICT_OBJC_MSGSEND = YES;
				ENABLE_TESTABILITY = YES;
				GCC_C_LANGUAGE_STANDARD = gnu11;
				GCC_DYNAMIC_NO_PIC = NO;
				GCC_NO_COMMON_BLOCKS = YES;
				GCC_OPTIMIZATION_LEVEL = 0;
				GCC_PREPROCESSOR_DEFINITIONS = (
					"DEBUG=1",
					"$(inherited)",
				);
				GCC_WARN_64_TO_32_BIT_CONVERSION = YES;
				GCC_WARN_ABOUT_RETURN_TYPE = YES_ERROR;
				GCC_WARN_UNDECLARED_SELECTOR = YES;
				GCC_WARN_UNINITIALIZED_AUTOS = YES_AGGRESSIVE;
				GCC_WARN_UNUSED_FUNCTION = YES;
				GCC_WARN_UNUSED_VARIABLE = YES;
				IPHONEOS_DEPLOYMENT_TARGET = 11.0;
				MTL_ENABLE_DEBUG_INFO = YES;
				ONLY_ACTIVE_ARCH = YES;
				SDKROOT = iphoneos;
				SWIFT_ACTIVE_COMPILATION_CONDITIONS = DEBUG;
				SWIFT_OPTIMIZATION_LEVEL = "-Onone";
			};
			name = Debug;
		};
		BA38E1481FAAAE960011272D /* Release */ = {
			isa = XCBuildConfiguration;
			buildSettings = {
				ALWAYS_SEARCH_USER_PATHS = NO;
				CLANG_ANALYZER_NONNULL = YES;
				CLANG_ANALYZER_NUMBER_OBJECT_CONVERSION = YES_AGGRESSIVE;
				CLANG_CXX_LANGUAGE_STANDARD = "gnu++14";
				CLANG_CXX_LIBRARY = "libc++";
				CLANG_ENABLE_MODULES = YES;
				CLANG_ENABLE_OBJC_ARC = YES;
				CLANG_WARN_BLOCK_CAPTURE_AUTORELEASING = YES;
				CLANG_WARN_BOOL_CONVERSION = YES;
				CLANG_WARN_COMMA = YES;
				CLANG_WARN_CONSTANT_CONVERSION = YES;
				CLANG_WARN_DIRECT_OBJC_ISA_USAGE = YES_ERROR;
				CLANG_WARN_DOCUMENTATION_COMMENTS = YES;
				CLANG_WARN_EMPTY_BODY = YES;
				CLANG_WARN_ENUM_CONVERSION = YES;
				CLANG_WARN_INFINITE_RECURSION = YES;
				CLANG_WARN_INT_CONVERSION = YES;
				CLANG_WARN_NON_LITERAL_NULL_CONVERSION = YES;
				CLANG_WARN_OBJC_LITERAL_CONVERSION = YES;
				CLANG_WARN_OBJC_ROOT_CLASS = YES_ERROR;
				CLANG_WARN_RANGE_LOOP_ANALYSIS = YES;
				CLANG_WARN_STRICT_PROTOTYPES = YES;
				CLANG_WARN_SUSPICIOUS_MOVE = YES;
				CLANG_WARN_UNGUARDED_AVAILABILITY = YES_AGGRESSIVE;
				CLANG_WARN_UNREACHABLE_CODE = YES;
				CLANG_WARN__DUPLICATE_METHOD_MATCH = YES;
				CODE_SIGN_IDENTITY = "iPhone Developer";
				COPY_PHASE_STRIP = NO;
				DEBUG_INFORMATION_FORMAT = "dwarf-with-dsym";
				ENABLE_NS_ASSERTIONS = NO;
				ENABLE_STRICT_OBJC_MSGSEND = YES;
				GCC_C_LANGUAGE_STANDARD = gnu11;
				GCC_NO_COMMON_BLOCKS = YES;
				GCC_WARN_64_TO_32_BIT_CONVERSION = YES;
				GCC_WARN_ABOUT_RETURN_TYPE = YES_ERROR;
				GCC_WARN_UNDECLARED_SELECTOR = YES;
				GCC_WARN_UNINITIALIZED_AUTOS = YES_AGGRESSIVE;
				GCC_WARN_UNUSED_FUNCTION = YES;
				GCC_WARN_UNUSED_VARIABLE = YES;
				IPHONEOS_DEPLOYMENT_TARGET = 11.0;
				MTL_ENABLE_DEBUG_INFO = NO;
				SDKROOT = iphoneos;
				SWIFT_OPTIMIZATION_LEVEL = "-Owholemodule";
				VALIDATE_PRODUCT = YES;
			};
			name = Release;
		};
		BA38E14A1FAAAE960011272D /* Debug */ = {
			isa = XCBuildConfiguration;
			buildSettings = {
				ASSETCATALOG_COMPILER_APPICON_NAME = AppIcon;
				CODE_SIGN_STYLE = Automatic;
				DEVELOPMENT_TEAM = 2M85THSX7L;
				INFOPLIST_FILE = miniHackerTone/Info.plist;
				LD_RUNPATH_SEARCH_PATHS = "$(inherited) @executable_path/Frameworks";
				PRODUCT_BUNDLE_IDENTIFIER = com.jscschool.miniHackerTone;
				PRODUCT_NAME = "$(TARGET_NAME)";
				SWIFT_VERSION = 4.0;
				TARGETED_DEVICE_FAMILY = "1,2";
			};
			name = Debug;
		};
		BA38E14B1FAAAE960011272D /* Release */ = {
			isa = XCBuildConfiguration;
			buildSettings = {
				ASSETCATALOG_COMPILER_APPICON_NAME = AppIcon;
				CODE_SIGN_STYLE = Automatic;
				DEVELOPMENT_TEAM = 2M85THSX7L;
				INFOPLIST_FILE = miniHackerTone/Info.plist;
				LD_RUNPATH_SEARCH_PATHS = "$(inherited) @executable_path/Frameworks";
				PRODUCT_BUNDLE_IDENTIFIER = com.jscschool.miniHackerTone;
				PRODUCT_NAME = "$(TARGET_NAME)";
				SWIFT_VERSION = 4.0;
				TARGETED_DEVICE_FAMILY = "1,2";
			};
			name = Release;
		};
/* End XCBuildConfiguration section */

/* Begin XCConfigurationList section */
		BA38E1321FAAAE960011272D /* Build configuration list for PBXProject "miniHackerTone" */ = {
			isa = XCConfigurationList;
			buildConfigurations = (
				BA38E1471FAAAE960011272D /* Debug */,
				BA38E1481FAAAE960011272D /* Release */,
			);
			defaultConfigurationIsVisible = 0;
			defaultConfigurationName = Release;
		};
		BA38E1491FAAAE960011272D /* Build configuration list for PBXNativeTarget "miniHackerTone" */ = {
			isa = XCConfigurationList;
			buildConfigurations = (
				BA38E14A1FAAAE960011272D /* Debug */,
				BA38E14B1FAAAE960011272D /* Release */,
			);
			defaultConfigurationIsVisible = 0;
			defaultConfigurationName = Release;
		};
/* End XCConfigurationList section */
	};
	rootObject = BA38E12F1FAAAE960011272D /* Project object */;
}
